
Microsoft Visual Studio Solution File, Format Version 12.00
# Visual Studio 14
VisualStudioVersion = 14.0.25420.1
MinimumVisualStudioVersion = 10.0.40219.1
Project("{F184B08F-C81C-45F6-A57F-5ABD9991F28F}") = "ConnectMyPrinter.NET", "ConnectMyPrinter.NET\ConnectMyPrinter.NET.vbproj", "{2FFB39F5-85AB-405B-8AB7-D3404312B088}"
EndProject
Project("{F184B08F-C81C-45F6-A57F-5ABD9991F28F}") = "ConnectMyPrinterUACHelper", "ConnectMyPrinterUACHelper\ConnectMyPrinterUACHelper.vbproj", "{53B8A917-53BB-4ECF-9709-C50BA632DA9A}"
EndProject
Project("{F184B08F-C81C-45F6-A57F-5ABD9991F28F}") = "ConnectMyPrinterEnumerationLib", "ConnectMyPrinterEnumerationLib\ConnectMyPrinterEnumerationLib.vbproj", "{74098DC4-697B-4692-81B7-088F300D2610}"
EndProject
Project("{F184B08F-C81C-45F6-A57F-5ABD9991F28F}") = "ConnectMyPrinterPrinterManageLib", "ConnectMyPrinterPrinterManageLib\ConnectMyPrinterPrinterManageLib.vbproj", "{BE968C84-9AE3-4F63-8466-FA21F66386B0}"
EndProject
Project("{F184B08F-C81C-45F6-A57F-5ABD9991F28F}") = "ConnectMyPrinterAppSettingsHandler", "ConnectMyPrinterAppSettingsHandler\ConnectMyPrinterAppSettingsHandler.vbproj", "{AE01B7FF-C216-4752-B4FF-D6956A772D44}"
EndProject
Project("{F184B08F-C81C-45F6-A57F-5ABD9991F28F}") = "ConnectMyPrinterACLHelper", "ConnectMyPrinterACLHelper\ConnectMyPrinterACLHelper.vbproj", "{0F56BFD3-F897-4C3E-A71E-0983A4B33E82}"
EndProject
Project("{F184B08F-C81C-45F6-A57F-5ABD9991F28F}") = "ConnectMyPrinterACLHelperLib", "ConnectMyPrinterACLHelperLib\ConnectMyPrinterACLHelperLib.vbproj", "{95C18515-2072-4961-A0EF-8FBDB893810F}"
EndProject
Project("{F184B08F-C81C-45F6-A57F-5ABD9991F28F}") = "ConnectMyPrinterSettingsConsole", "ConnectMyPrinterSettingsConsole\ConnectMyPrinterSettingsConsole.vbproj", "{AE1E6B2D-A9A1-4391-8BFC-C2C6FD089D2B}"
EndProject
Project("{F184B08F-C81C-45F6-A57F-5ABD9991F28F}") = "ConnectMyPrinterClean", "ConnectMyPrinterClean\ConnectMyPrinterClean.vbproj", "{850F3D68-46E3-4982-8306-1EF9B82840A5}"
EndProject
Project("{F184B08F-C81C-45F6-A57F-5ABD9991F28F}") = "ConnectMyPrinterDeleteAllPrinters", "ConnectMyPrinterDeleteAllPrinters\ConnectMyPrinterDeleteAllPrinters.vbproj", "{8CB8056A-D5AA-42DD-8A50-B7658D69C95C}"
EndProject
Project("{6141683F-8A12-4E36-9623-2EB02B2C2303}") = "ConnectMyPrinter.NET Setup", "ConnectMyPrinter.NET Setup\ConnectMyPrinter.NET Setup.isproj", "{986E5E60-5E08-452A-AE05-BB1D7AA5D95C}"
	ProjectSection(ProjectDependencies) = postProject
		{6A583308-17EE-4DAC-B5B3-BA62BD59641E} = {6A583308-17EE-4DAC-B5B3-BA62BD59641E}
		{4A9E510C-5C2D-4CDC-8EF5-19DD9BCE9EF2} = {4A9E510C-5C2D-4CDC-8EF5-19DD9BCE9EF2}
		{95C18515-2072-4961-A0EF-8FBDB893810F} = {95C18515-2072-4961-A0EF-8FBDB893810F}
		{53B8A917-53BB-4ECF-9709-C50BA632DA9A} = {53B8A917-53BB-4ECF-9709-C50BA632DA9A}
		{06C6B81B-05BF-4764-A3F4-A85143ECD2E8} = {06C6B81B-05BF-4764-A3F4-A85143ECD2E8}
		{9747FA2B-52B3-4C0A-992A-82E0F730E161} = {9747FA2B-52B3-4C0A-992A-82E0F730E161}
		{AE1E6B2D-A9A1-4391-8BFC-C2C6FD089D2B} = {AE1E6B2D-A9A1-4391-8BFC-C2C6FD089D2B}
		{BF9D7431-74EA-4CE1-A9D5-18868A0F42CF} = {BF9D7431-74EA-4CE1-A9D5-18868A0F42CF}
		{A015DD48-3A09-413E-8F95-0FA2A07E1190} = {A015DD48-3A09-413E-8F95-0FA2A07E1190}
		{18A8C35F-24E7-411C-B17A-954E44972E40} = {18A8C35F-24E7-411C-B17A-954E44972E40}
		{850F3D68-46E3-4982-8306-1EF9B82840A5} = {850F3D68-46E3-4982-8306-1EF9B82840A5}
		{8CB8056A-D5AA-42DD-8A50-B7658D69C95C} = {8CB8056A-D5AA-42DD-8A50-B7658D69C95C}
		{BE968C84-9AE3-4F63-8466-FA21F66386B0} = {BE968C84-9AE3-4F63-8466-FA21F66386B0}
		{0EA0EE96-1C53-4994-836C-676D4A5D2AB7} = {0EA0EE96-1C53-4994-836C-676D4A5D2AB7}
		{6E73DDAC-FF46-4203-B5F1-CB3F94E9696B} = {6E73DDAC-FF46-4203-B5F1-CB3F94E9696B}
		{74098DC4-697B-4692-81B7-088F300D2610} = {74098DC4-697B-4692-81B7-088F300D2610}
		{728E53CC-92B9-4C1F-94FF-99C2085FCE9B} = {728E53CC-92B9-4C1F-94FF-99C2085FCE9B}
		{8D1893CD-90B0-4437-BF31-49EDB6D9230E} = {8D1893CD-90B0-4437-BF31-49EDB6D9230E}
		{0F56BFD3-F897-4C3E-A71E-0983A4B33E82} = {0F56BFD3-F897-4C3E-A71E-0983A4B33E82}
		{D3ED7BD7-4566-4489-A88D-D26C0680F78E} = {D3ED7BD7-4566-4489-A88D-D26C0680F78E}
		{2FFB39F5-85AB-405B-8AB7-D3404312B088} = {2FFB39F5-85AB-405B-8AB7-D3404312B088}
		{28D57EFE-E78A-4C8C-9D8C-45914E20D368} = {28D57EFE-E78A-4C8C-9D8C-45914E20D368}
		{AE01B7FF-C216-4752-B4FF-D6956A772D44} = {AE01B7FF-C216-4752-B4FF-D6956A772D44}
	EndProjectSection
EndProject
Project("{F184B08F-C81C-45F6-A57F-5ABD9991F28F}") = "ConnectMyPrinterDriverNotifications", "ConnectMyPrinterDriverNotifications\ConnectMyPrinterDriverNotifications.vbproj", "{18A8C35F-24E7-411C-B17A-954E44972E40}"
EndProject
Project("{F184B08F-C81C-45F6-A57F-5ABD9991F28F}") = "ConnectMyPrinterLog", "ConnectMyPrinterLog\ConnectMyPrinterLog.vbproj", "{28D57EFE-E78A-4C8C-9D8C-45914E20D368}"
EndProject
Project("{F184B08F-C81C-45F6-A57F-5ABD9991F28F}") = "ConnectMyPrinterForceDelete", "ConnectMyPrinterForceDelete\ConnectMyPrinterForceDelete.vbproj", "{9747FA2B-52B3-4C0A-992A-82E0F730E161}"
EndProject
Project("{F184B08F-C81C-45F6-A57F-5ABD9991F28F}") = "ConnectMyPrinterForceDeleteLib", "ConnectMyPrinterForceDeleteLib\ConnectMyPrinterForceDeleteLib.vbproj", "{4A9E510C-5C2D-4CDC-8EF5-19DD9BCE9EF2}"
EndProject
Project("{F184B08F-C81C-45F6-A57F-5ABD9991F28F}") = "ConnectMyPrinterForceDeleteManageLib", "ConnectMyPrinterForceDeleteManageLib\ConnectMyPrinterForceDeleteManageLib.vbproj", "{6E73DDAC-FF46-4203-B5F1-CB3F94E9696B}"
EndProject
Project("{F184B08F-C81C-45F6-A57F-5ABD9991F28F}") = "ConnectMyPrinterSystemRestorePointLib", "ConnectMyPrinterSystemRestorePointLib\ConnectMyPrinterSystemRestorePointLib.vbproj", "{8D1893CD-90B0-4437-BF31-49EDB6D9230E}"
EndProject
Project("{F184B08F-C81C-45F6-A57F-5ABD9991F28F}") = "ConnectMyPrinterCreateRestorePoint", "ConnectMyPrinterCreateRestorePoint\ConnectMyPrinterCreateRestorePoint.vbproj", "{6A583308-17EE-4DAC-B5B3-BA62BD59641E}"
EndProject
Project("{F184B08F-C81C-45F6-A57F-5ABD9991F28F}") = "ConnectMyPrinterAppSettingsSetup", "ConnectMyPrinterAppSettingsSetup\ConnectMyPrinterAppSettingsSetup.vbproj", "{0EA0EE96-1C53-4994-836C-676D4A5D2AB7}"
EndProject
Project("{F184B08F-C81C-45F6-A57F-5ABD9991F28F}") = "ConnectMyPrinterRegistryHandler", "ConnectMyPrinterRegistryHandler\ConnectMyPrinterRegistryHandler.vbproj", "{06C6B81B-05BF-4764-A3F4-A85143ECD2E8}"
EndProject
Project("{F184B08F-C81C-45F6-A57F-5ABD9991F28F}") = "ConnectMyPrinterUserListLib", "ConnectMyPrinterUserListLib\ConnectMyPrinterUserListLib.vbproj", "{A015DD48-3A09-413E-8F95-0FA2A07E1190}"
EndProject
Project("{2150E333-8FDC-42A3-9474-1A3956D46DE8}") = "Solution Items", "Solution Items", "{5A7DA926-81B3-4DCA-BC97-0AA3F44CF879}"
	ProjectSection(SolutionItems) = preProject
		..\..\..\Zertifikate\ConnectMyPrinter_Cert.pfx = ..\..\..\Zertifikate\ConnectMyPrinter_Cert.pfx
		SignAllBinaryFiles.bat = SignAllBinaryFiles.bat
	EndProjectSection
EndProject
Project("{F184B08F-C81C-45F6-A57F-5ABD9991F28F}") = "ConnectMyPrinterDriverPackagesLib", "ConnectMyPrinterDriverPackagesLib\ConnectMyPrinterDriverPackagesLib.vbproj", "{BF9D7431-74EA-4CE1-A9D5-18868A0F42CF}"
EndProject
Project("{F184B08F-C81C-45F6-A57F-5ABD9991F28F}") = "ConnectMyPrinterElevationLib", "ConnectMyPrinterElevationLib\ConnectMyPrinterElevationLib.vbproj", "{728E53CC-92B9-4C1F-94FF-99C2085FCE9B}"
EndProject
Project("{F184B08F-C81C-45F6-A57F-5ABD9991F28F}") = "ConnectMyPrinterRestartSpooler", "ConnectMyPrinterRestartSpooler\ConnectMyPrinterRestartSpooler.vbproj", "{D3ED7BD7-4566-4489-A88D-D26C0680F78E}"
EndProject
Global
	GlobalSection(SolutionConfigurationPlatforms) = preSolution
		CD_ROM|Any CPU = CD_ROM|Any CPU
		CD_ROM|ARM = CD_ROM|ARM
		CD_ROM|x64 = CD_ROM|x64
		CD_ROM|x86 = CD_ROM|x86
		Debug|Any CPU = Debug|Any CPU
		Debug|ARM = Debug|ARM
		Debug|x64 = Debug|x64
		Debug|x86 = Debug|x86
		DVD-5|Any CPU = DVD-5|Any CPU
		DVD-5|ARM = DVD-5|ARM
		DVD-5|x64 = DVD-5|x64
		DVD-5|x86 = DVD-5|x86
		Release|Any CPU = Release|Any CPU
		Release|ARM = Release|ARM
		Release|x64 = Release|x64
		Release|x86 = Release|x86
		SingleImage|Any CPU = SingleImage|Any CPU
		SingleImage|ARM = SingleImage|ARM
		SingleImage|x64 = SingleImage|x64
		SingleImage|x86 = SingleImage|x86
	EndGlobalSection
	GlobalSection(ProjectConfigurationPlatforms) = postSolution
		{2FFB39F5-85AB-405B-8AB7-D3404312B088}.CD_ROM|Any CPU.ActiveCfg = Release|Any CPU
		{2FFB39F5-85AB-405B-8AB7-D3404312B088}.CD_ROM|Any CPU.Build.0 = Release|Any CPU
		{2FFB39F5-85AB-405B-8AB7-D3404312B088}.CD_ROM|ARM.ActiveCfg = Debug|Any CPU
		{2FFB39F5-85AB-405B-8AB7-D3404312B088}.CD_ROM|ARM.Build.0 = Debug|Any CPU
		{2FFB39F5-85AB-405B-8AB7-D3404312B088}.CD_ROM|x64.ActiveCfg = Debug|Any CPU
		{2FFB39F5-85AB-405B-8AB7-D3404312B088}.CD_ROM|x64.Build.0 = Debug|Any CPU
		{2FFB39F5-85AB-405B-8AB7-D3404312B088}.CD_ROM|x86.ActiveCfg = Debug|Any CPU
		{2FFB39F5-85AB-405B-8AB7-D3404312B088}.CD_ROM|x86.Build.0 = Debug|Any CPU
		{2FFB39F5-85AB-405B-8AB7-D3404312B088}.Debug|Any CPU.ActiveCfg = Debug|Any CPU
		{2FFB39F5-85AB-405B-8AB7-D3404312B088}.Debug|Any CPU.Build.0 = Debug|Any CPU
		{2FFB39F5-85AB-405B-8AB7-D3404312B088}.Debug|ARM.ActiveCfg = Debug|Any CPU
		{2FFB39F5-85AB-405B-8AB7-D3404312B088}.Debug|ARM.Build.0 = Debug|Any CPU
		{2FFB39F5-85AB-405B-8AB7-D3404312B088}.Debug|x64.ActiveCfg = Debug|Any CPU
		{2FFB39F5-85AB-405B-8AB7-D3404312B088}.Debug|x64.Build.0 = Debug|Any CPU
		{2FFB39F5-85AB-405B-8AB7-D3404312B088}.Debug|x86.ActiveCfg = Debug|Any CPU
		{2FFB39F5-85AB-405B-8AB7-D3404312B088}.Debug|x86.Build.0 = Debug|Any CPU
		{2FFB39F5-85AB-405B-8AB7-D3404312B088}.DVD-5|Any CPU.ActiveCfg = Debug|Any CPU
		{2FFB39F5-85AB-405B-8AB7-D3404312B088}.DVD-5|Any CPU.Build.0 = Debug|Any CPU
		{2FFB39F5-85AB-405B-8AB7-D3404312B088}.DVD-5|ARM.ActiveCfg = Debug|Any CPU
		{2FFB39F5-85AB-405B-8AB7-D3404312B088}.DVD-5|ARM.Build.0 = Debug|Any CPU
		{2FFB39F5-85AB-405B-8AB7-D3404312B088}.DVD-5|x64.ActiveCfg = Debug|Any CPU
		{2FFB39F5-85AB-405B-8AB7-D3404312B088}.DVD-5|x64.Build.0 = Debug|Any CPU
		{2FFB39F5-85AB-405B-8AB7-D3404312B088}.DVD-5|x86.ActiveCfg = Debug|Any CPU
		{2FFB39F5-85AB-405B-8AB7-D3404312B088}.DVD-5|x86.Build.0 = Debug|Any CPU
		{2FFB39F5-85AB-405B-8AB7-D3404312B088}.Release|Any CPU.ActiveCfg = Release|Any CPU
		{2FFB39F5-85AB-405B-8AB7-D3404312B088}.Release|Any CPU.Build.0 = Release|Any CPU
		{2FFB39F5-85AB-405B-8AB7-D3404312B088}.Release|Any CPU.Deploy.0 = Release|Any CPU
		{2FFB39F5-85AB-405B-8AB7-D3404312B088}.Release|ARM.ActiveCfg = Release|Any CPU
		{2FFB39F5-85AB-405B-8AB7-D3404312B088}.Release|ARM.Build.0 = Release|Any CPU
		{2FFB39F5-85AB-405B-8AB7-D3404312B088}.Release|x64.ActiveCfg = Release|Any CPU
		{2FFB39F5-85AB-405B-8AB7-D3404312B088}.Release|x64.Build.0 = Release|Any CPU
		{2FFB39F5-85AB-405B-8AB7-D3404312B088}.Release|x86.ActiveCfg = Release|Any CPU
		{2FFB39F5-85AB-405B-8AB7-D3404312B088}.Release|x86.Build.0 = Release|Any CPU
		{2FFB39F5-85AB-405B-8AB7-D3404312B088}.SingleImage|Any CPU.ActiveCfg = Release|Any CPU
		{2FFB39F5-85AB-405B-8AB7-D3404312B088}.SingleImage|Any CPU.Build.0 = Release|Any CPU
		{2FFB39F5-85AB-405B-8AB7-D3404312B088}.SingleImage|ARM.ActiveCfg = Debug|Any CPU
		{2FFB39F5-85AB-405B-8AB7-D3404312B088}.SingleImage|ARM.Build.0 = Debug|Any CPU
		{2FFB39F5-85AB-405B-8AB7-D3404312B088}.SingleImage|x64.ActiveCfg = Debug|Any CPU
		{2FFB39F5-85AB-405B-8AB7-D3404312B088}.SingleImage|x64.Build.0 = Debug|Any CPU
		{2FFB39F5-85AB-405B-8AB7-D3404312B088}.SingleImage|x86.ActiveCfg = Debug|Any CPU
		{2FFB39F5-85AB-405B-8AB7-D3404312B088}.SingleImage|x86.Build.0 = Debug|Any CPU
		{53B8A917-53BB-4ECF-9709-C50BA632DA9A}.CD_ROM|Any CPU.ActiveCfg = Release|Any CPU
		{53B8A917-53BB-4ECF-9709-C50BA632DA9A}.CD_ROM|Any CPU.Build.0 = Release|Any CPU
		{53B8A917-53BB-4ECF-9709-C50BA632DA9A}.CD_ROM|ARM.ActiveCfg = Debug|Any CPU
		{53B8A917-53BB-4ECF-9709-C50BA632DA9A}.CD_ROM|ARM.Build.0 = Debug|Any CPU
		{53B8A917-53BB-4ECF-9709-C50BA632DA9A}.CD_ROM|x64.ActiveCfg = Debug|Any CPU
		{53B8A917-53BB-4ECF-9709-C50BA632DA9A}.CD_ROM|x64.Build.0 = Debug|Any CPU
		{53B8A917-53BB-4ECF-9709-C50BA632DA9A}.CD_ROM|x86.ActiveCfg = Debug|Any CPU
		{53B8A917-53BB-4ECF-9709-C50BA632DA9A}.CD_ROM|x86.Build.0 = Debug|Any CPU
		{53B8A917-53BB-4ECF-9709-C50BA632DA9A}.Debug|Any CPU.ActiveCfg = Debug|Any CPU
		{53B8A917-53BB-4ECF-9709-C50BA632DA9A}.Debug|Any CPU.Build.0 = Debug|Any CPU
		{53B8A917-53BB-4ECF-9709-C50BA632DA9A}.Debug|ARM.ActiveCfg = Debug|Any CPU
		{53B8A917-53BB-4ECF-9709-C50BA632DA9A}.Debug|ARM.Build.0 = Debug|Any CPU
		{53B8A917-53BB-4ECF-9709-C50BA632DA9A}.Debug|x64.ActiveCfg = Debug|Any CPU
		{53B8A917-53BB-4ECF-9709-C50BA632DA9A}.Debug|x64.Build.0 = Debug|Any CPU
		{53B8A917-53BB-4ECF-9709-C50BA632DA9A}.Debug|x86.ActiveCfg = Debug|Any CPU
		{53B8A917-53BB-4ECF-9709-C50BA632DA9A}.Debug|x86.Build.0 = Debug|Any CPU
		{53B8A917-53BB-4ECF-9709-C50BA632DA9A}.DVD-5|Any CPU.ActiveCfg = Debug|Any CPU
		{53B8A917-53BB-4ECF-9709-C50BA632DA9A}.DVD-5|Any CPU.Build.0 = Debug|Any CPU
		{53B8A917-53BB-4ECF-9709-C50BA632DA9A}.DVD-5|ARM.ActiveCfg = Debug|Any CPU
		{53B8A917-53BB-4ECF-9709-C50BA632DA9A}.DVD-5|ARM.Build.0 = Debug|Any CPU
		{53B8A917-53BB-4ECF-9709-C50BA632DA9A}.DVD-5|x64.ActiveCfg = Debug|Any CPU
		{53B8A917-53BB-4ECF-9709-C50BA632DA9A}.DVD-5|x64.Build.0 = Debug|Any CPU
		{53B8A917-53BB-4ECF-9709-C50BA632DA9A}.DVD-5|x86.ActiveCfg = Debug|Any CPU
		{53B8A917-53BB-4ECF-9709-C50BA632DA9A}.DVD-5|x86.Build.0 = Debug|Any CPU
		{53B8A917-53BB-4ECF-9709-C50BA632DA9A}.Release|Any CPU.ActiveCfg = Release|Any CPU
		{53B8A917-53BB-4ECF-9709-C50BA632DA9A}.Release|Any CPU.Build.0 = Release|Any CPU
		{53B8A917-53BB-4ECF-9709-C50BA632DA9A}.Release|ARM.ActiveCfg = Release|Any CPU
		{53B8A917-53BB-4ECF-9709-C50BA632DA9A}.Release|ARM.Build.0 = Release|Any CPU
		{53B8A917-53BB-4ECF-9709-C50BA632DA9A}.Release|x64.ActiveCfg = Release|Any CPU
		{53B8A917-53BB-4ECF-9709-C50BA632DA9A}.Release|x64.Build.0 = Release|Any CPU
		{53B8A917-53BB-4ECF-9709-C50BA632DA9A}.Release|x86.ActiveCfg = Release|Any CPU
		{53B8A917-53BB-4ECF-9709-C50BA632DA9A}.Release|x86.Build.0 = Release|Any CPU
		{53B8A917-53BB-4ECF-9709-C50BA632DA9A}.SingleImage|Any CPU.ActiveCfg = Release|Any CPU
		{53B8A917-53BB-4ECF-9709-C50BA632DA9A}.SingleImage|Any CPU.Build.0 = Release|Any CPU
		{53B8A917-53BB-4ECF-9709-C50BA632DA9A}.SingleImage|ARM.ActiveCfg = Debug|Any CPU
		{53B8A917-53BB-4ECF-9709-C50BA632DA9A}.SingleImage|ARM.Build.0 = Debug|Any CPU
		{53B8A917-53BB-4ECF-9709-C50BA632DA9A}.SingleImage|x64.ActiveCfg = Debug|Any CPU
		{53B8A917-53BB-4ECF-9709-C50BA632DA9A}.SingleImage|x64.Build.0 = Debug|Any CPU
		{53B8A917-53BB-4ECF-9709-C50BA632DA9A}.SingleImage|x86.ActiveCfg = Debug|Any CPU
		{53B8A917-53BB-4ECF-9709-C50BA632DA9A}.SingleImage|x86.Build.0 = Debug|Any CPU
		{74098DC4-697B-4692-81B7-088F300D2610}.CD_ROM|Any CPU.ActiveCfg = Release|Any CPU
		{74098DC4-697B-4692-81B7-088F300D2610}.CD_ROM|Any CPU.Build.0 = Release|Any CPU
		{74098DC4-697B-4692-81B7-088F300D2610}.CD_ROM|ARM.ActiveCfg = Debug|Any CPU
		{74098DC4-697B-4692-81B7-088F300D2610}.CD_ROM|ARM.Build.0 = Debug|Any CPU
		{74098DC4-697B-4692-81B7-088F300D2610}.CD_ROM|x64.ActiveCfg = Debug|Any CPU
		{74098DC4-697B-4692-81B7-088F300D2610}.CD_ROM|x64.Build.0 = Debug|Any CPU
		{74098DC4-697B-4692-81B7-088F300D2610}.CD_ROM|x86.ActiveCfg = Debug|Any CPU
		{74098DC4-697B-4692-81B7-088F300D2610}.CD_ROM|x86.Build.0 = Debug|Any CPU
		{74098DC4-697B-4692-81B7-088F300D2610}.Debug|Any CPU.ActiveCfg = Debug|Any CPU
		{74098DC4-697B-4692-81B7-088F300D2610}.Debug|Any CPU.Build.0 = Debug|Any CPU
		{74098DC4-697B-4692-81B7-088F300D2610}.Debug|ARM.ActiveCfg = Debug|Any CPU
		{74098DC4-697B-4692-81B7-088F300D2610}.Debug|ARM.Build.0 = Debug|Any CPU
		{74098DC4-697B-4692-81B7-088F300D2610}.Debug|x64.ActiveCfg = Debug|Any CPU
		{74098DC4-697B-4692-81B7-088F300D2610}.Debug|x64.Build.0 = Debug|Any CPU
		{74098DC4-697B-4692-81B7-088F300D2610}.Debug|x86.ActiveCfg = Debug|Any CPU
		{74098DC4-697B-4692-81B7-088F300D2610}.Debug|x86.Build.0 = Debug|Any CPU
		{74098DC4-697B-4692-81B7-088F300D2610}.DVD-5|Any CPU.ActiveCfg = Debug|Any CPU
		{74098DC4-697B-4692-81B7-088F300D2610}.DVD-5|Any CPU.Build.0 = Debug|Any CPU
		{74098DC4-697B-4692-81B7-088F300D2610}.DVD-5|ARM.ActiveCfg = Debug|Any CPU
		{74098DC4-697B-4692-81B7-088F300D2610}.DVD-5|ARM.Build.0 = Debug|Any CPU
		{74098DC4-697B-4692-81B7-088F300D2610}.DVD-5|x64.ActiveCfg = Debug|Any CPU
		{74098DC4-697B-4692-81B7-088F300D2610}.DVD-5|x64.Build.0 = Debug|Any CPU
		{74098DC4-697B-4692-81B7-088F300D2610}.DVD-5|x86.ActiveCfg = Debug|Any CPU
		{74098DC4-697B-4692-81B7-088F300D2610}.DVD-5|x86.Build.0 = Debug|Any CPU
		{74098DC4-697B-4692-81B7-088F300D2610}.Release|Any CPU.ActiveCfg = Release|Any CPU
		{74098DC4-697B-4692-81B7-088F300D2610}.Release|Any CPU.Build.0 = Release|Any CPU
		{74098DC4-697B-4692-81B7-088F300D2610}.Release|ARM.ActiveCfg = Release|Any CPU
		{74098DC4-697B-4692-81B7-088F300D2610}.Release|ARM.Build.0 = Release|Any CPU
		{74098DC4-697B-4692-81B7-088F300D2610}.Release|x64.ActiveCfg = Release|Any CPU
		{74098DC4-697B-4692-81B7-088F300D2610}.Release|x64.Build.0 = Release|Any CPU
		{74098DC4-697B-4692-81B7-088F300D2610}.Release|x86.ActiveCfg = Release|Any CPU
		{74098DC4-697B-4692-81B7-088F300D2610}.Release|x86.Build.0 = Release|Any CPU
		{74098DC4-697B-4692-81B7-088F300D2610}.SingleImage|Any CPU.ActiveCfg = Release|Any CPU
		{74098DC4-697B-4692-81B7-088F300D2610}.SingleImage|Any CPU.Build.0 = Release|Any CPU
		{74098DC4-697B-4692-81B7-088F300D2610}.SingleImage|ARM.ActiveCfg = Debug|Any CPU
		{74098DC4-697B-4692-81B7-088F300D2610}.SingleImage|ARM.Build.0 = Debug|Any CPU
		{74098DC4-697B-4692-81B7-088F300D2610}.SingleImage|x64.ActiveCfg = Debug|Any CPU
		{74098DC4-697B-4692-81B7-088F300D2610}.SingleImage|x64.Build.0 = Debug|Any CPU
		{74098DC4-697B-4692-81B7-088F300D2610}.SingleImage|x86.ActiveCfg = Debug|Any CPU
		{74098DC4-697B-4692-81B7-088F300D2610}.SingleImage|x86.Build.0 = Debug|Any CPU
		{BE968C84-9AE3-4F63-8466-FA21F66386B0}.CD_ROM|Any CPU.ActiveCfg = Release|Any CPU
		{BE968C84-9AE3-4F63-8466-FA21F66386B0}.CD_ROM|Any CPU.Build.0 = Release|Any CPU
		{BE968C84-9AE3-4F63-8466-FA21F66386B0}.CD_ROM|ARM.ActiveCfg = Debug|Any CPU
		{BE968C84-9AE3-4F63-8466-FA21F66386B0}.CD_ROM|ARM.Build.0 = Debug|Any CPU
		{BE968C84-9AE3-4F63-8466-FA21F66386B0}.CD_ROM|x64.ActiveCfg = Debug|Any CPU
		{BE968C84-9AE3-4F63-8466-FA21F66386B0}.CD_ROM|x64.Build.0 = Debug|Any CPU
		{BE968C84-9AE3-4F63-8466-FA21F66386B0}.CD_ROM|x86.ActiveCfg = Debug|Any CPU
		{BE968C84-9AE3-4F63-8466-FA21F66386B0}.CD_ROM|x86.Build.0 = Debug|Any CPU
		{BE968C84-9AE3-4F63-8466-FA21F66386B0}.Debug|Any CPU.ActiveCfg = Debug|Any CPU
		{BE968C84-9AE3-4F63-8466-FA21F66386B0}.Debug|Any CPU.Build.0 = Debug|Any CPU
		{BE968C84-9AE3-4F63-8466-FA21F66386B0}.Debug|ARM.ActiveCfg = Debug|Any CPU
		{BE968C84-9AE3-4F63-8466-FA21F66386B0}.Debug|ARM.Build.0 = Debug|Any CPU
		{BE968C84-9AE3-4F63-8466-FA21F66386B0}.Debug|x64.ActiveCfg = Debug|Any CPU
		{BE968C84-9AE3-4F63-8466-FA21F66386B0}.Debug|x64.Build.0 = Debug|Any CPU
		{BE968C84-9AE3-4F63-8466-FA21F66386B0}.Debug|x86.ActiveCfg = Debug|Any CPU
		{BE968C84-9AE3-4F63-8466-FA21F66386B0}.Debug|x86.Build.0 = Debug|Any CPU
		{BE968C84-9AE3-4F63-8466-FA21F66386B0}.DVD-5|Any CPU.ActiveCfg = Debug|Any CPU
		{BE968C84-9AE3-4F63-8466-FA21F66386B0}.DVD-5|Any CPU.Build.0 = Debug|Any CPU
		{BE968C84-9AE3-4F63-8466-FA21F66386B0}.DVD-5|ARM.ActiveCfg = Debug|Any CPU
		{BE968C84-9AE3-4F63-8466-FA21F66386B0}.DVD-5|ARM.Build.0 = Debug|Any CPU
		{BE968C84-9AE3-4F63-8466-FA21F66386B0}.DVD-5|x64.ActiveCfg = Debug|Any CPU
		{BE968C84-9AE3-4F63-8466-FA21F66386B0}.DVD-5|x64.Build.0 = Debug|Any CPU
		{BE968C84-9AE3-4F63-8466-FA21F66386B0}.DVD-5|x86.ActiveCfg = Debug|Any CPU
		{BE968C84-9AE3-4F63-8466-FA21F66386B0}.DVD-5|x86.Build.0 = Debug|Any CPU
		{BE968C84-9AE3-4F63-8466-FA21F66386B0}.Release|Any CPU.ActiveCfg = Release|Any CPU
		{BE968C84-9AE3-4F63-8466-FA21F66386B0}.Release|Any CPU.Build.0 = Release|Any CPU
		{BE968C84-9AE3-4F63-8466-FA21F66386B0}.Release|ARM.ActiveCfg = Release|Any CPU
		{BE968C84-9AE3-4F63-8466-FA21F66386B0}.Release|ARM.Build.0 = Release|Any CPU
		{BE968C84-9AE3-4F63-8466-FA21F66386B0}.Release|x64.ActiveCfg = Release|Any CPU
		{BE968C84-9AE3-4F63-8466-FA21F66386B0}.Release|x64.Build.0 = Release|Any CPU
		{BE968C84-9AE3-4F63-8466-FA21F66386B0}.Release|x86.ActiveCfg = Release|Any CPU
		{BE968C84-9AE3-4F63-8466-FA21F66386B0}.Release|x86.Build.0 = Release|Any CPU
		{BE968C84-9AE3-4F63-8466-FA21F66386B0}.SingleImage|Any CPU.ActiveCfg = Release|Any CPU
		{BE968C84-9AE3-4F63-8466-FA21F66386B0}.SingleImage|Any CPU.Build.0 = Release|Any CPU
		{BE968C84-9AE3-4F63-8466-FA21F66386B0}.SingleImage|ARM.ActiveCfg = Debug|Any CPU
		{BE968C84-9AE3-4F63-8466-FA21F66386B0}.SingleImage|ARM.Build.0 = Debug|Any CPU
		{BE968C84-9AE3-4F63-8466-FA21F66386B0}.SingleImage|x64.ActiveCfg = Debug|Any CPU
		{BE968C84-9AE3-4F63-8466-FA21F66386B0}.SingleImage|x64.Build.0 = Debug|Any CPU
		{BE968C84-9AE3-4F63-8466-FA21F66386B0}.SingleImage|x86.ActiveCfg = Debug|Any CPU
		{BE968C84-9AE3-4F63-8466-FA21F66386B0}.SingleImage|x86.Build.0 = Debug|Any CPU
		{AE01B7FF-C216-4752-B4FF-D6956A772D44}.CD_ROM|Any CPU.ActiveCfg = Release|Any CPU
		{AE01B7FF-C216-4752-B4FF-D6956A772D44}.CD_ROM|Any CPU.Build.0 = Release|Any CPU
		{AE01B7FF-C216-4752-B4FF-D6956A772D44}.CD_ROM|ARM.ActiveCfg = Debug|Any CPU
		{AE01B7FF-C216-4752-B4FF-D6956A772D44}.CD_ROM|ARM.Build.0 = Debug|Any CPU
		{AE01B7FF-C216-4752-B4FF-D6956A772D44}.CD_ROM|x64.ActiveCfg = Debug|Any CPU
		{AE01B7FF-C216-4752-B4FF-D6956A772D44}.CD_ROM|x64.Build.0 = Debug|Any CPU
		{AE01B7FF-C216-4752-B4FF-D6956A772D44}.CD_ROM|x86.ActiveCfg = Debug|Any CPU
		{AE01B7FF-C216-4752-B4FF-D6956A772D44}.CD_ROM|x86.Build.0 = Debug|Any CPU
		{AE01B7FF-C216-4752-B4FF-D6956A772D44}.Debug|Any CPU.ActiveCfg = Debug|Any CPU
		{AE01B7FF-C216-4752-B4FF-D6956A772D44}.Debug|Any CPU.Build.0 = Debug|Any CPU
		{AE01B7FF-C216-4752-B4FF-D6956A772D44}.Debug|ARM.ActiveCfg = Debug|Any CPU
		{AE01B7FF-C216-4752-B4FF-D6956A772D44}.Debug|ARM.Build.0 = Debug|Any CPU
		{AE01B7FF-C216-4752-B4FF-D6956A772D44}.Debug|x64.ActiveCfg = Debug|Any CPU
		{AE01B7FF-C216-4752-B4FF-D6956A772D44}.Debug|x64.Build.0 = Debug|Any CPU
		{AE01B7FF-C216-4752-B4FF-D6956A772D44}.Debug|x86.ActiveCfg = Debug|Any CPU
		{AE01B7FF-C216-4752-B4FF-D6956A772D44}.Debug|x86.Build.0 = Debug|Any CPU
		{AE01B7FF-C216-4752-B4FF-D6956A772D44}.DVD-5|Any CPU.ActiveCfg = Debug|Any CPU
		{AE01B7FF-C216-4752-B4FF-D6956A772D44}.DVD-5|Any CPU.Build.0 = Debug|Any CPU
		{AE01B7FF-C216-4752-B4FF-D6956A772D44}.DVD-5|ARM.ActiveCfg = Debug|Any CPU
		{AE01B7FF-C216-4752-B4FF-D6956A772D44}.DVD-5|ARM.Build.0 = Debug|Any CPU
		{AE01B7FF-C216-4752-B4FF-D6956A772D44}.DVD-5|x64.ActiveCfg = Debug|Any CPU
		{AE01B7FF-C216-4752-B4FF-D6956A772D44}.DVD-5|x64.Build.0 = Debug|Any CPU
		{AE01B7FF-C216-4752-B4FF-D6956A772D44}.DVD-5|x86.ActiveCfg = Debug|Any CPU
		{AE01B7FF-C216-4752-B4FF-D6956A772D44}.DVD-5|x86.Build.0 = Debug|Any CPU
		{AE01B7FF-C216-4752-B4FF-D6956A772D44}.Release|Any CPU.ActiveCfg = Release|Any CPU
		{AE01B7FF-C216-4752-B4FF-D6956A772D44}.Release|Any CPU.Build.0 = Release|Any CPU
		{AE01B7FF-C216-4752-B4FF-D6956A772D44}.Release|ARM.ActiveCfg = Release|Any CPU
		{AE01B7FF-C216-4752-B4FF-D6956A772D44}.Release|ARM.Build.0 = Release|Any CPU
		{AE01B7FF-C216-4752-B4FF-D6956A772D44}.Release|x64.ActiveCfg = Release|Any CPU
		{AE01B7FF-C216-4752-B4FF-D6956A772D44}.Release|x64.Build.0 = Release|Any CPU
		{AE01B7FF-C216-4752-B4FF-D6956A772D44}.Release|x86.ActiveCfg = Release|Any CPU
		{AE01B7FF-C216-4752-B4FF-D6956A772D44}.Release|x86.Build.0 = Release|Any CPU
		{AE01B7FF-C216-4752-B4FF-D6956A772D44}.SingleImage|Any CPU.ActiveCfg = Release|Any CPU
		{AE01B7FF-C216-4752-B4FF-D6956A772D44}.SingleImage|Any CPU.Build.0 = Release|Any CPU
		{AE01B7FF-C216-4752-B4FF-D6956A772D44}.SingleImage|ARM.ActiveCfg = Debug|Any CPU
		{AE01B7FF-C216-4752-B4FF-D6956A772D44}.SingleImage|ARM.Build.0 = Debug|Any CPU
		{AE01B7FF-C216-4752-B4FF-D6956A772D44}.SingleImage|x64.ActiveCfg = Debug|Any CPU
		{AE01B7FF-C216-4752-B4FF-D6956A772D44}.SingleImage|x64.Build.0 = Debug|Any CPU
		{AE01B7FF-C216-4752-B4FF-D6956A772D44}.SingleImage|x86.ActiveCfg = Debug|Any CPU
		{AE01B7FF-C216-4752-B4FF-D6956A772D44}.SingleImage|x86.Build.0 = Debug|Any CPU
		{0F56BFD3-F897-4C3E-A71E-0983A4B33E82}.CD_ROM|Any CPU.ActiveCfg = Release|Any CPU
		{0F56BFD3-F897-4C3E-A71E-0983A4B33E82}.CD_ROM|Any CPU.Build.0 = Release|Any CPU
		{0F56BFD3-F897-4C3E-A71E-0983A4B33E82}.CD_ROM|ARM.ActiveCfg = Debug|Any CPU
		{0F56BFD3-F897-4C3E-A71E-0983A4B33E82}.CD_ROM|ARM.Build.0 = Debug|Any CPU
		{0F56BFD3-F897-4C3E-A71E-0983A4B33E82}.CD_ROM|x64.ActiveCfg = Debug|Any CPU
		{0F56BFD3-F897-4C3E-A71E-0983A4B33E82}.CD_ROM|x64.Build.0 = Debug|Any CPU
		{0F56BFD3-F897-4C3E-A71E-0983A4B33E82}.CD_ROM|x86.ActiveCfg = Debug|Any CPU
		{0F56BFD3-F897-4C3E-A71E-0983A4B33E82}.CD_ROM|x86.Build.0 = Debug|Any CPU
		{0F56BFD3-F897-4C3E-A71E-0983A4B33E82}.Debug|Any CPU.ActiveCfg = Debug|Any CPU
		{0F56BFD3-F897-4C3E-A71E-0983A4B33E82}.Debug|Any CPU.Build.0 = Debug|Any CPU
		{0F56BFD3-F897-4C3E-A71E-0983A4B33E82}.Debug|ARM.ActiveCfg = Debug|Any CPU
		{0F56BFD3-F897-4C3E-A71E-0983A4B33E82}.Debug|ARM.Build.0 = Debug|Any CPU
		{0F56BFD3-F897-4C3E-A71E-0983A4B33E82}.Debug|x64.ActiveCfg = Debug|Any CPU
		{0F56BFD3-F897-4C3E-A71E-0983A4B33E82}.Debug|x64.Build.0 = Debug|Any CPU
		{0F56BFD3-F897-4C3E-A71E-0983A4B33E82}.Debug|x86.ActiveCfg = Debug|Any CPU
		{0F56BFD3-F897-4C3E-A71E-0983A4B33E82}.Debug|x86.Build.0 = Debug|Any CPU
		{0F56BFD3-F897-4C3E-A71E-0983A4B33E82}.DVD-5|Any CPU.ActiveCfg = Debug|Any CPU
		{0F56BFD3-F897-4C3E-A71E-0983A4B33E82}.DVD-5|Any CPU.Build.0 = Debug|Any CPU
		{0F56BFD3-F897-4C3E-A71E-0983A4B33E82}.DVD-5|ARM.ActiveCfg = Debug|Any CPU
		{0F56BFD3-F897-4C3E-A71E-0983A4B33E82}.DVD-5|ARM.Build.0 = Debug|Any CPU
		{0F56BFD3-F897-4C3E-A71E-0983A4B33E82}.DVD-5|x64.ActiveCfg = Debug|Any CPU
		{0F56BFD3-F897-4C3E-A71E-0983A4B33E82}.DVD-5|x64.Build.0 = Debug|Any CPU
		{0F56BFD3-F897-4C3E-A71E-0983A4B33E82}.DVD-5|x86.ActiveCfg = Debug|Any CPU
		{0F56BFD3-F897-4C3E-A71E-0983A4B33E82}.DVD-5|x86.Build.0 = Debug|Any CPU
		{0F56BFD3-F897-4C3E-A71E-0983A4B33E82}.Release|Any CPU.ActiveCfg = Release|Any CPU
		{0F56BFD3-F897-4C3E-A71E-0983A4B33E82}.Release|Any CPU.Build.0 = Release|Any CPU
		{0F56BFD3-F897-4C3E-A71E-0983A4B33E82}.Release|ARM.ActiveCfg = Release|Any CPU
		{0F56BFD3-F897-4C3E-A71E-0983A4B33E82}.Release|ARM.Build.0 = Release|Any CPU
		{0F56BFD3-F897-4C3E-A71E-0983A4B33E82}.Release|x64.ActiveCfg = Release|Any CPU
		{0F56BFD3-F897-4C3E-A71E-0983A4B33E82}.Release|x64.Build.0 = Release|Any CPU
		{0F56BFD3-F897-4C3E-A71E-0983A4B33E82}.Release|x86.ActiveCfg = Release|Any CPU
		{0F56BFD3-F897-4C3E-A71E-0983A4B33E82}.Release|x86.Build.0 = Release|Any CPU
		{0F56BFD3-F897-4C3E-A71E-0983A4B33E82}.SingleImage|Any CPU.ActiveCfg = Release|Any CPU
		{0F56BFD3-F897-4C3E-A71E-0983A4B33E82}.SingleImage|Any CPU.Build.0 = Release|Any CPU
		{0F56BFD3-F897-4C3E-A71E-0983A4B33E82}.SingleImage|ARM.ActiveCfg = Debug|Any CPU
		{0F56BFD3-F897-4C3E-A71E-0983A4B33E82}.SingleImage|ARM.Build.0 = Debug|Any CPU
		{0F56BFD3-F897-4C3E-A71E-0983A4B33E82}.SingleImage|x64.ActiveCfg = Debug|Any CPU
		{0F56BFD3-F897-4C3E-A71E-0983A4B33E82}.SingleImage|x64.Build.0 = Debug|Any CPU
		{0F56BFD3-F897-4C3E-A71E-0983A4B33E82}.SingleImage|x86.ActiveCfg = Debug|Any CPU
		{0F56BFD3-F897-4C3E-A71E-0983A4B33E82}.SingleImage|x86.Build.0 = Debug|Any CPU
		{95C18515-2072-4961-A0EF-8FBDB893810F}.CD_ROM|Any CPU.ActiveCfg = Release|Any CPU
		{95C18515-2072-4961-A0EF-8FBDB893810F}.CD_ROM|Any CPU.Build.0 = Release|Any CPU
		{95C18515-2072-4961-A0EF-8FBDB893810F}.CD_ROM|ARM.ActiveCfg = Debug|Any CPU
		{95C18515-2072-4961-A0EF-8FBDB893810F}.CD_ROM|ARM.Build.0 = Debug|Any CPU
		{95C18515-2072-4961-A0EF-8FBDB893810F}.CD_ROM|x64.ActiveCfg = Debug|Any CPU
		{95C18515-2072-4961-A0EF-8FBDB893810F}.CD_ROM|x64.Build.0 = Debug|Any CPU
		{95C18515-2072-4961-A0EF-8FBDB893810F}.CD_ROM|x86.ActiveCfg = Debug|Any CPU
		{95C18515-2072-4961-A0EF-8FBDB893810F}.CD_ROM|x86.Build.0 = Debug|Any CPU
		{95C18515-2072-4961-A0EF-8FBDB893810F}.Debug|Any CPU.ActiveCfg = Debug|Any CPU
		{95C18515-2072-4961-A0EF-8FBDB893810F}.Debug|Any CPU.Build.0 = Debug|Any CPU
		{95C18515-2072-4961-A0EF-8FBDB893810F}.Debug|ARM.ActiveCfg = Debug|Any CPU
		{95C18515-2072-4961-A0EF-8FBDB893810F}.Debug|ARM.Build.0 = Debug|Any CPU
		{95C18515-2072-4961-A0EF-8FBDB893810F}.Debug|x64.ActiveCfg = Debug|Any CPU
		{95C18515-2072-4961-A0EF-8FBDB893810F}.Debug|x64.Build.0 = Debug|Any CPU
		{95C18515-2072-4961-A0EF-8FBDB893810F}.Debug|x86.ActiveCfg = Debug|Any CPU
		{95C18515-2072-4961-A0EF-8FBDB893810F}.Debug|x86.Build.0 = Debug|Any CPU
		{95C18515-2072-4961-A0EF-8FBDB893810F}.DVD-5|Any CPU.ActiveCfg = Debug|Any CPU
		{95C18515-2072-4961-A0EF-8FBDB893810F}.DVD-5|Any CPU.Build.0 = Debug|Any CPU
		{95C18515-2072-4961-A0EF-8FBDB893810F}.DVD-5|ARM.ActiveCfg = Debug|Any CPU
		{95C18515-2072-4961-A0EF-8FBDB893810F}.DVD-5|ARM.Build.0 = Debug|Any CPU
		{95C18515-2072-4961-A0EF-8FBDB893810F}.DVD-5|x64.ActiveCfg = Debug|Any CPU
		{95C18515-2072-4961-A0EF-8FBDB893810F}.DVD-5|x64.Build.0 = Debug|Any CPU
		{95C18515-2072-4961-A0EF-8FBDB893810F}.DVD-5|x86.ActiveCfg = Debug|Any CPU
		{95C18515-2072-4961-A0EF-8FBDB893810F}.DVD-5|x86.Build.0 = Debug|Any CPU
		{95C18515-2072-4961-A0EF-8FBDB893810F}.Release|Any CPU.ActiveCfg = Release|Any CPU
		{95C18515-2072-4961-A0EF-8FBDB893810F}.Release|Any CPU.Build.0 = Release|Any CPU
		{95C18515-2072-4961-A0EF-8FBDB893810F}.Release|ARM.ActiveCfg = Release|Any CPU
		{95C18515-2072-4961-A0EF-8FBDB893810F}.Release|ARM.Build.0 = Release|Any CPU
		{95C18515-2072-4961-A0EF-8FBDB893810F}.Release|x64.ActiveCfg = Release|Any CPU
		{95C18515-2072-4961-A0EF-8FBDB893810F}.Release|x64.Build.0 = Release|Any CPU
		{95C18515-2072-4961-A0EF-8FBDB893810F}.Release|x86.ActiveCfg = Release|Any CPU
		{95C18515-2072-4961-A0EF-8FBDB893810F}.Release|x86.Build.0 = Release|Any CPU
		{95C18515-2072-4961-A0EF-8FBDB893810F}.SingleImage|Any CPU.ActiveCfg = Release|Any CPU
		{95C18515-2072-4961-A0EF-8FBDB893810F}.SingleImage|Any CPU.Build.0 = Release|Any CPU
		{95C18515-2072-4961-A0EF-8FBDB893810F}.SingleImage|ARM.ActiveCfg = Debug|Any CPU
		{95C18515-2072-4961-A0EF-8FBDB893810F}.SingleImage|ARM.Build.0 = Debug|Any CPU
		{95C18515-2072-4961-A0EF-8FBDB893810F}.SingleImage|x64.ActiveCfg = Debug|Any CPU
		{95C18515-2072-4961-A0EF-8FBDB893810F}.SingleImage|x64.Build.0 = Debug|Any CPU
		{95C18515-2072-4961-A0EF-8FBDB893810F}.SingleImage|x86.ActiveCfg = Debug|Any CPU
		{95C18515-2072-4961-A0EF-8FBDB893810F}.SingleImage|x86.Build.0 = Debug|Any CPU
		{AE1E6B2D-A9A1-4391-8BFC-C2C6FD089D2B}.CD_ROM|Any CPU.ActiveCfg = Release|Any CPU
		{AE1E6B2D-A9A1-4391-8BFC-C2C6FD089D2B}.CD_ROM|Any CPU.Build.0 = Release|Any CPU
		{AE1E6B2D-A9A1-4391-8BFC-C2C6FD089D2B}.CD_ROM|ARM.ActiveCfg = Debug|Any CPU
		{AE1E6B2D-A9A1-4391-8BFC-C2C6FD089D2B}.CD_ROM|ARM.Build.0 = Debug|Any CPU
		{AE1E6B2D-A9A1-4391-8BFC-C2C6FD089D2B}.CD_ROM|x64.ActiveCfg = Debug|Any CPU
		{AE1E6B2D-A9A1-4391-8BFC-C2C6FD089D2B}.CD_ROM|x64.Build.0 = Debug|Any CPU
		{AE1E6B2D-A9A1-4391-8BFC-C2C6FD089D2B}.CD_ROM|x86.ActiveCfg = Debug|Any CPU
		{AE1E6B2D-A9A1-4391-8BFC-C2C6FD089D2B}.CD_ROM|x86.Build.0 = Debug|Any CPU
		{AE1E6B2D-A9A1-4391-8BFC-C2C6FD089D2B}.Debug|Any CPU.ActiveCfg = Debug|Any CPU
		{AE1E6B2D-A9A1-4391-8BFC-C2C6FD089D2B}.Debug|Any CPU.Build.0 = Debug|Any CPU
		{AE1E6B2D-A9A1-4391-8BFC-C2C6FD089D2B}.Debug|ARM.ActiveCfg = Debug|Any CPU
		{AE1E6B2D-A9A1-4391-8BFC-C2C6FD089D2B}.Debug|ARM.Build.0 = Debug|Any CPU
		{AE1E6B2D-A9A1-4391-8BFC-C2C6FD089D2B}.Debug|x64.ActiveCfg = Debug|Any CPU
		{AE1E6B2D-A9A1-4391-8BFC-C2C6FD089D2B}.Debug|x64.Build.0 = Debug|Any CPU
		{AE1E6B2D-A9A1-4391-8BFC-C2C6FD089D2B}.Debug|x86.ActiveCfg = Debug|Any CPU
		{AE1E6B2D-A9A1-4391-8BFC-C2C6FD089D2B}.Debug|x86.Build.0 = Debug|Any CPU
		{AE1E6B2D-A9A1-4391-8BFC-C2C6FD089D2B}.DVD-5|Any CPU.ActiveCfg = Debug|Any CPU
		{AE1E6B2D-A9A1-4391-8BFC-C2C6FD089D2B}.DVD-5|Any CPU.Build.0 = Debug|Any CPU
		{AE1E6B2D-A9A1-4391-8BFC-C2C6FD089D2B}.DVD-5|ARM.ActiveCfg = Debug|Any CPU
		{AE1E6B2D-A9A1-4391-8BFC-C2C6FD089D2B}.DVD-5|ARM.Build.0 = Debug|Any CPU
		{AE1E6B2D-A9A1-4391-8BFC-C2C6FD089D2B}.DVD-5|x64.ActiveCfg = Debug|Any CPU
		{AE1E6B2D-A9A1-4391-8BFC-C2C6FD089D2B}.DVD-5|x64.Build.0 = Debug|Any CPU
		{AE1E6B2D-A9A1-4391-8BFC-C2C6FD089D2B}.DVD-5|x86.ActiveCfg = Debug|Any CPU
		{AE1E6B2D-A9A1-4391-8BFC-C2C6FD089D2B}.DVD-5|x86.Build.0 = Debug|Any CPU
		{AE1E6B2D-A9A1-4391-8BFC-C2C6FD089D2B}.Release|Any CPU.ActiveCfg = Release|Any CPU
		{AE1E6B2D-A9A1-4391-8BFC-C2C6FD089D2B}.Release|Any CPU.Build.0 = Release|Any CPU
		{AE1E6B2D-A9A1-4391-8BFC-C2C6FD089D2B}.Release|ARM.ActiveCfg = Release|Any CPU
		{AE1E6B2D-A9A1-4391-8BFC-C2C6FD089D2B}.Release|ARM.Build.0 = Release|Any CPU
		{AE1E6B2D-A9A1-4391-8BFC-C2C6FD089D2B}.Release|x64.ActiveCfg = Release|Any CPU
		{AE1E6B2D-A9A1-4391-8BFC-C2C6FD089D2B}.Release|x64.Build.0 = Release|Any CPU
		{AE1E6B2D-A9A1-4391-8BFC-C2C6FD089D2B}.Release|x86.ActiveCfg = Release|Any CPU
		{AE1E6B2D-A9A1-4391-8BFC-C2C6FD089D2B}.Release|x86.Build.0 = Release|Any CPU
		{AE1E6B2D-A9A1-4391-8BFC-C2C6FD089D2B}.SingleImage|Any CPU.ActiveCfg = Release|Any CPU
		{AE1E6B2D-A9A1-4391-8BFC-C2C6FD089D2B}.SingleImage|Any CPU.Build.0 = Release|Any CPU
		{AE1E6B2D-A9A1-4391-8BFC-C2C6FD089D2B}.SingleImage|ARM.ActiveCfg = Debug|Any CPU
		{AE1E6B2D-A9A1-4391-8BFC-C2C6FD089D2B}.SingleImage|ARM.Build.0 = Debug|Any CPU
		{AE1E6B2D-A9A1-4391-8BFC-C2C6FD089D2B}.SingleImage|x64.ActiveCfg = Debug|Any CPU
		{AE1E6B2D-A9A1-4391-8BFC-C2C6FD089D2B}.SingleImage|x64.Build.0 = Debug|Any CPU
		{AE1E6B2D-A9A1-4391-8BFC-C2C6FD089D2B}.SingleImage|x86.ActiveCfg = Debug|Any CPU
		{AE1E6B2D-A9A1-4391-8BFC-C2C6FD089D2B}.SingleImage|x86.Build.0 = Debug|Any CPU
		{850F3D68-46E3-4982-8306-1EF9B82840A5}.CD_ROM|Any CPU.ActiveCfg = Release|Any CPU
		{850F3D68-46E3-4982-8306-1EF9B82840A5}.CD_ROM|Any CPU.Build.0 = Release|Any CPU
		{850F3D68-46E3-4982-8306-1EF9B82840A5}.CD_ROM|ARM.ActiveCfg = Debug|Any CPU
		{850F3D68-46E3-4982-8306-1EF9B82840A5}.CD_ROM|ARM.Build.0 = Debug|Any CPU
		{850F3D68-46E3-4982-8306-1EF9B82840A5}.CD_ROM|x64.ActiveCfg = Debug|Any CPU
		{850F3D68-46E3-4982-8306-1EF9B82840A5}.CD_ROM|x64.Build.0 = Debug|Any CPU
		{850F3D68-46E3-4982-8306-1EF9B82840A5}.CD_ROM|x86.ActiveCfg = Debug|Any CPU
		{850F3D68-46E3-4982-8306-1EF9B82840A5}.CD_ROM|x86.Build.0 = Debug|Any CPU
		{850F3D68-46E3-4982-8306-1EF9B82840A5}.Debug|Any CPU.ActiveCfg = Debug|Any CPU
		{850F3D68-46E3-4982-8306-1EF9B82840A5}.Debug|Any CPU.Build.0 = Debug|Any CPU
		{850F3D68-46E3-4982-8306-1EF9B82840A5}.Debug|ARM.ActiveCfg = Debug|Any CPU
		{850F3D68-46E3-4982-8306-1EF9B82840A5}.Debug|ARM.Build.0 = Debug|Any CPU
		{850F3D68-46E3-4982-8306-1EF9B82840A5}.Debug|x64.ActiveCfg = Debug|Any CPU
		{850F3D68-46E3-4982-8306-1EF9B82840A5}.Debug|x64.Build.0 = Debug|Any CPU
		{850F3D68-46E3-4982-8306-1EF9B82840A5}.Debug|x86.ActiveCfg = Debug|Any CPU
		{850F3D68-46E3-4982-8306-1EF9B82840A5}.Debug|x86.Build.0 = Debug|Any CPU
		{850F3D68-46E3-4982-8306-1EF9B82840A5}.DVD-5|Any CPU.ActiveCfg = Debug|Any CPU
		{850F3D68-46E3-4982-8306-1EF9B82840A5}.DVD-5|Any CPU.Build.0 = Debug|Any CPU
		{850F3D68-46E3-4982-8306-1EF9B82840A5}.DVD-5|ARM.ActiveCfg = Debug|Any CPU
		{850F3D68-46E3-4982-8306-1EF9B82840A5}.DVD-5|ARM.Build.0 = Debug|Any CPU
		{850F3D68-46E3-4982-8306-1EF9B82840A5}.DVD-5|x64.ActiveCfg = Debug|Any CPU
		{850F3D68-46E3-4982-8306-1EF9B82840A5}.DVD-5|x64.Build.0 = Debug|Any CPU
		{850F3D68-46E3-4982-8306-1EF9B82840A5}.DVD-5|x86.ActiveCfg = Debug|Any CPU
		{850F3D68-46E3-4982-8306-1EF9B82840A5}.DVD-5|x86.Build.0 = Debug|Any CPU
		{850F3D68-46E3-4982-8306-1EF9B82840A5}.Release|Any CPU.ActiveCfg = Release|Any CPU
		{850F3D68-46E3-4982-8306-1EF9B82840A5}.Release|Any CPU.Build.0 = Release|Any CPU
		{850F3D68-46E3-4982-8306-1EF9B82840A5}.Release|ARM.ActiveCfg = Release|Any CPU
		{850F3D68-46E3-4982-8306-1EF9B82840A5}.Release|ARM.Build.0 = Release|Any CPU
		{850F3D68-46E3-4982-8306-1EF9B82840A5}.Release|x64.ActiveCfg = Release|Any CPU
		{850F3D68-46E3-4982-8306-1EF9B82840A5}.Release|x64.Build.0 = Release|Any CPU
		{850F3D68-46E3-4982-8306-1EF9B82840A5}.Release|x86.ActiveCfg = Release|Any CPU
		{850F3D68-46E3-4982-8306-1EF9B82840A5}.Release|x86.Build.0 = Release|Any CPU
		{850F3D68-46E3-4982-8306-1EF9B82840A5}.SingleImage|Any CPU.ActiveCfg = Release|Any CPU
		{850F3D68-46E3-4982-8306-1EF9B82840A5}.SingleImage|Any CPU.Build.0 = Release|Any CPU
		{850F3D68-46E3-4982-8306-1EF9B82840A5}.SingleImage|ARM.ActiveCfg = Debug|Any CPU
		{850F3D68-46E3-4982-8306-1EF9B82840A5}.SingleImage|ARM.Build.0 = Debug|Any CPU
		{850F3D68-46E3-4982-8306-1EF9B82840A5}.SingleImage|x64.ActiveCfg = Debug|Any CPU
		{850F3D68-46E3-4982-8306-1EF9B82840A5}.SingleImage|x64.Build.0 = Debug|Any CPU
		{850F3D68-46E3-4982-8306-1EF9B82840A5}.SingleImage|x86.ActiveCfg = Debug|Any CPU
		{850F3D68-46E3-4982-8306-1EF9B82840A5}.SingleImage|x86.Build.0 = Debug|Any CPU
		{8CB8056A-D5AA-42DD-8A50-B7658D69C95C}.CD_ROM|Any CPU.ActiveCfg = Release|Any CPU
		{8CB8056A-D5AA-42DD-8A50-B7658D69C95C}.CD_ROM|Any CPU.Build.0 = Release|Any CPU
		{8CB8056A-D5AA-42DD-8A50-B7658D69C95C}.CD_ROM|ARM.ActiveCfg = Debug|Any CPU
		{8CB8056A-D5AA-42DD-8A50-B7658D69C95C}.CD_ROM|ARM.Build.0 = Debug|Any CPU
		{8CB8056A-D5AA-42DD-8A50-B7658D69C95C}.CD_ROM|x64.ActiveCfg = Debug|Any CPU
		{8CB8056A-D5AA-42DD-8A50-B7658D69C95C}.CD_ROM|x64.Build.0 = Debug|Any CPU
		{8CB8056A-D5AA-42DD-8A50-B7658D69C95C}.CD_ROM|x86.ActiveCfg = Debug|Any CPU
		{8CB8056A-D5AA-42DD-8A50-B7658D69C95C}.CD_ROM|x86.Build.0 = Debug|Any CPU
		{8CB8056A-D5AA-42DD-8A50-B7658D69C95C}.Debug|Any CPU.ActiveCfg = Debug|Any CPU
		{8CB8056A-D5AA-42DD-8A50-B7658D69C95C}.Debug|Any CPU.Build.0 = Debug|Any CPU
		{8CB8056A-D5AA-42DD-8A50-B7658D69C95C}.Debug|ARM.ActiveCfg = Debug|Any CPU
		{8CB8056A-D5AA-42DD-8A50-B7658D69C95C}.Debug|ARM.Build.0 = Debug|Any CPU
		{8CB8056A-D5AA-42DD-8A50-B7658D69C95C}.Debug|x64.ActiveCfg = Debug|Any CPU
		{8CB8056A-D5AA-42DD-8A50-B7658D69C95C}.Debug|x64.Build.0 = Debug|Any CPU
		{8CB8056A-D5AA-42DD-8A50-B7658D69C95C}.Debug|x86.ActiveCfg = Debug|Any CPU
		{8CB8056A-D5AA-42DD-8A50-B7658D69C95C}.Debug|x86.Build.0 = Debug|Any CPU
		{8CB8056A-D5AA-42DD-8A50-B7658D69C95C}.DVD-5|Any CPU.ActiveCfg = Debug|Any CPU
		{8CB8056A-D5AA-42DD-8A50-B7658D69C95C}.DVD-5|Any CPU.Build.0 = Debug|Any CPU
		{8CB8056A-D5AA-42DD-8A50-B7658D69C95C}.DVD-5|ARM.ActiveCfg = Debug|Any CPU
		{8CB8056A-D5AA-42DD-8A50-B7658D69C95C}.DVD-5|ARM.Build.0 = Debug|Any CPU
		{8CB8056A-D5AA-42DD-8A50-B7658D69C95C}.DVD-5|x64.ActiveCfg = Debug|Any CPU
		{8CB8056A-D5AA-42DD-8A50-B7658D69C95C}.DVD-5|x64.Build.0 = Debug|Any CPU
		{8CB8056A-D5AA-42DD-8A50-B7658D69C95C}.DVD-5|x86.ActiveCfg = Debug|Any CPU
		{8CB8056A-D5AA-42DD-8A50-B7658D69C95C}.DVD-5|x86.Build.0 = Debug|Any CPU
		{8CB8056A-D5AA-42DD-8A50-B7658D69C95C}.Release|Any CPU.ActiveCfg = Release|Any CPU
		{8CB8056A-D5AA-42DD-8A50-B7658D69C95C}.Release|Any CPU.Build.0 = Release|Any CPU
		{8CB8056A-D5AA-42DD-8A50-B7658D69C95C}.Release|ARM.ActiveCfg = Release|Any CPU
		{8CB8056A-D5AA-42DD-8A50-B7658D69C95C}.Release|ARM.Build.0 = Release|Any CPU
		{8CB8056A-D5AA-42DD-8A50-B7658D69C95C}.Release|x64.ActiveCfg = Release|Any CPU
		{8CB8056A-D5AA-42DD-8A50-B7658D69C95C}.Release|x64.Build.0 = Release|Any CPU
		{8CB8056A-D5AA-42DD-8A50-B7658D69C95C}.Release|x86.ActiveCfg = Release|Any CPU
		{8CB8056A-D5AA-42DD-8A50-B7658D69C95C}.Release|x86.Build.0 = Release|Any CPU
		{8CB8056A-D5AA-42DD-8A50-B7658D69C95C}.SingleImage|Any CPU.ActiveCfg = Release|Any CPU
		{8CB8056A-D5AA-42DD-8A50-B7658D69C95C}.SingleImage|Any CPU.Build.0 = Release|Any CPU
		{8CB8056A-D5AA-42DD-8A50-B7658D69C95C}.SingleImage|ARM.ActiveCfg = Debug|Any CPU
		{8CB8056A-D5AA-42DD-8A50-B7658D69C95C}.SingleImage|ARM.Build.0 = Debug|Any CPU
		{8CB8056A-D5AA-42DD-8A50-B7658D69C95C}.SingleImage|x64.ActiveCfg = Debug|Any CPU
		{8CB8056A-D5AA-42DD-8A50-B7658D69C95C}.SingleImage|x64.Build.0 = Debug|Any CPU
		{8CB8056A-D5AA-42DD-8A50-B7658D69C95C}.SingleImage|x86.ActiveCfg = Debug|Any CPU
		{8CB8056A-D5AA-42DD-8A50-B7658D69C95C}.SingleImage|x86.Build.0 = Debug|Any CPU
		{986E5E60-5E08-452A-AE05-BB1D7AA5D95C}.CD_ROM|Any CPU.ActiveCfg = CD_ROM
		{986E5E60-5E08-452A-AE05-BB1D7AA5D95C}.CD_ROM|Any CPU.Build.0 = CD_ROM
		{986E5E60-5E08-452A-AE05-BB1D7AA5D95C}.CD_ROM|ARM.ActiveCfg = CD_ROM
		{986E5E60-5E08-452A-AE05-BB1D7AA5D95C}.CD_ROM|ARM.Build.0 = CD_ROM
		{986E5E60-5E08-452A-AE05-BB1D7AA5D95C}.CD_ROM|x64.ActiveCfg = CD_ROM
		{986E5E60-5E08-452A-AE05-BB1D7AA5D95C}.CD_ROM|x64.Build.0 = CD_ROM
		{986E5E60-5E08-452A-AE05-BB1D7AA5D95C}.CD_ROM|x86.ActiveCfg = CD_ROM
		{986E5E60-5E08-452A-AE05-BB1D7AA5D95C}.CD_ROM|x86.Build.0 = CD_ROM
		{986E5E60-5E08-452A-AE05-BB1D7AA5D95C}.Debug|Any CPU.ActiveCfg = DVD-5
		{986E5E60-5E08-452A-AE05-BB1D7AA5D95C}.Debug|Any CPU.Build.0 = DVD-5
		{986E5E60-5E08-452A-AE05-BB1D7AA5D95C}.Debug|ARM.ActiveCfg = DVD-5
		{986E5E60-5E08-452A-AE05-BB1D7AA5D95C}.Debug|ARM.Build.0 = DVD-5
		{986E5E60-5E08-452A-AE05-BB1D7AA5D95C}.Debug|x64.ActiveCfg = DVD-5
		{986E5E60-5E08-452A-AE05-BB1D7AA5D95C}.Debug|x64.Build.0 = DVD-5
		{986E5E60-5E08-452A-AE05-BB1D7AA5D95C}.Debug|x86.ActiveCfg = DVD-5
		{986E5E60-5E08-452A-AE05-BB1D7AA5D95C}.Debug|x86.Build.0 = DVD-5
		{986E5E60-5E08-452A-AE05-BB1D7AA5D95C}.DVD-5|Any CPU.ActiveCfg = DVD-5
		{986E5E60-5E08-452A-AE05-BB1D7AA5D95C}.DVD-5|Any CPU.Build.0 = DVD-5
		{986E5E60-5E08-452A-AE05-BB1D7AA5D95C}.DVD-5|ARM.ActiveCfg = DVD-5
		{986E5E60-5E08-452A-AE05-BB1D7AA5D95C}.DVD-5|ARM.Build.0 = DVD-5
		{986E5E60-5E08-452A-AE05-BB1D7AA5D95C}.DVD-5|x64.ActiveCfg = DVD-5
		{986E5E60-5E08-452A-AE05-BB1D7AA5D95C}.DVD-5|x64.Build.0 = DVD-5
		{986E5E60-5E08-452A-AE05-BB1D7AA5D95C}.DVD-5|x86.ActiveCfg = DVD-5
		{986E5E60-5E08-452A-AE05-BB1D7AA5D95C}.DVD-5|x86.Build.0 = DVD-5
		{986E5E60-5E08-452A-AE05-BB1D7AA5D95C}.Release|Any CPU.ActiveCfg = SingleImage
		{986E5E60-5E08-452A-AE05-BB1D7AA5D95C}.Release|Any CPU.Build.0 = SingleImage
		{986E5E60-5E08-452A-AE05-BB1D7AA5D95C}.Release|ARM.ActiveCfg = SingleImage
		{986E5E60-5E08-452A-AE05-BB1D7AA5D95C}.Release|ARM.Build.0 = SingleImage
		{986E5E60-5E08-452A-AE05-BB1D7AA5D95C}.Release|x64.ActiveCfg = SingleImage
		{986E5E60-5E08-452A-AE05-BB1D7AA5D95C}.Release|x64.Build.0 = SingleImage
		{986E5E60-5E08-452A-AE05-BB1D7AA5D95C}.Release|x86.ActiveCfg = SingleImage
		{986E5E60-5E08-452A-AE05-BB1D7AA5D95C}.Release|x86.Build.0 = SingleImage
		{986E5E60-5E08-452A-AE05-BB1D7AA5D95C}.SingleImage|Any CPU.ActiveCfg = SingleImage
		{986E5E60-5E08-452A-AE05-BB1D7AA5D95C}.SingleImage|Any CPU.Build.0 = SingleImage
		{986E5E60-5E08-452A-AE05-BB1D7AA5D95C}.SingleImage|ARM.ActiveCfg = SingleImage
		{986E5E60-5E08-452A-AE05-BB1D7AA5D95C}.SingleImage|ARM.Build.0 = SingleImage
		{986E5E60-5E08-452A-AE05-BB1D7AA5D95C}.SingleImage|x64.ActiveCfg = SingleImage
		{986E5E60-5E08-452A-AE05-BB1D7AA5D95C}.SingleImage|x64.Build.0 = SingleImage
		{986E5E60-5E08-452A-AE05-BB1D7AA5D95C}.SingleImage|x86.ActiveCfg = SingleImage
		{986E5E60-5E08-452A-AE05-BB1D7AA5D95C}.SingleImage|x86.Build.0 = SingleImage
		{18A8C35F-24E7-411C-B17A-954E44972E40}.CD_ROM|Any CPU.ActiveCfg = Release|Any CPU
		{18A8C35F-24E7-411C-B17A-954E44972E40}.CD_ROM|Any CPU.Build.0 = Release|Any CPU
		{18A8C35F-24E7-411C-B17A-954E44972E40}.CD_ROM|ARM.ActiveCfg = Debug|Any CPU
		{18A8C35F-24E7-411C-B17A-954E44972E40}.CD_ROM|ARM.Build.0 = Debug|Any CPU
		{18A8C35F-24E7-411C-B17A-954E44972E40}.CD_ROM|x64.ActiveCfg = Debug|Any CPU
		{18A8C35F-24E7-411C-B17A-954E44972E40}.CD_ROM|x64.Build.0 = Debug|Any CPU
		{18A8C35F-24E7-411C-B17A-954E44972E40}.CD_ROM|x86.ActiveCfg = Debug|Any CPU
		{18A8C35F-24E7-411C-B17A-954E44972E40}.CD_ROM|x86.Build.0 = Debug|Any CPU
		{18A8C35F-24E7-411C-B17A-954E44972E40}.Debug|Any CPU.ActiveCfg = Debug|Any CPU
		{18A8C35F-24E7-411C-B17A-954E44972E40}.Debug|Any CPU.Build.0 = Debug|Any CPU
		{18A8C35F-24E7-411C-B17A-954E44972E40}.Debug|ARM.ActiveCfg = Debug|Any CPU
		{18A8C35F-24E7-411C-B17A-954E44972E40}.Debug|ARM.Build.0 = Debug|Any CPU
		{18A8C35F-24E7-411C-B17A-954E44972E40}.Debug|x64.ActiveCfg = Debug|Any CPU
		{18A8C35F-24E7-411C-B17A-954E44972E40}.Debug|x64.Build.0 = Debug|Any CPU
		{18A8C35F-24E7-411C-B17A-954E44972E40}.Debug|x86.ActiveCfg = Debug|Any CPU
		{18A8C35F-24E7-411C-B17A-954E44972E40}.Debug|x86.Build.0 = Debug|Any CPU
		{18A8C35F-24E7-411C-B17A-954E44972E40}.DVD-5|Any CPU.ActiveCfg = Debug|Any CPU
		{18A8C35F-24E7-411C-B17A-954E44972E40}.DVD-5|Any CPU.Build.0 = Debug|Any CPU
		{18A8C35F-24E7-411C-B17A-954E44972E40}.DVD-5|ARM.ActiveCfg = Debug|Any CPU
		{18A8C35F-24E7-411C-B17A-954E44972E40}.DVD-5|ARM.Build.0 = Debug|Any CPU
		{18A8C35F-24E7-411C-B17A-954E44972E40}.DVD-5|x64.ActiveCfg = Debug|Any CPU
		{18A8C35F-24E7-411C-B17A-954E44972E40}.DVD-5|x64.Build.0 = Debug|Any CPU
		{18A8C35F-24E7-411C-B17A-954E44972E40}.DVD-5|x86.ActiveCfg = Debug|Any CPU
		{18A8C35F-24E7-411C-B17A-954E44972E40}.DVD-5|x86.Build.0 = Debug|Any CPU
		{18A8C35F-24E7-411C-B17A-954E44972E40}.Release|Any CPU.ActiveCfg = Release|Any CPU
		{18A8C35F-24E7-411C-B17A-954E44972E40}.Release|Any CPU.Build.0 = Release|Any CPU
		{18A8C35F-24E7-411C-B17A-954E44972E40}.Release|ARM.ActiveCfg = Release|Any CPU
		{18A8C35F-24E7-411C-B17A-954E44972E40}.Release|ARM.Build.0 = Release|Any CPU
		{18A8C35F-24E7-411C-B17A-954E44972E40}.Release|x64.ActiveCfg = Release|Any CPU
		{18A8C35F-24E7-411C-B17A-954E44972E40}.Release|x64.Build.0 = Release|Any CPU
		{18A8C35F-24E7-411C-B17A-954E44972E40}.Release|x86.ActiveCfg = Release|Any CPU
		{18A8C35F-24E7-411C-B17A-954E44972E40}.Release|x86.Build.0 = Release|Any CPU
		{18A8C35F-24E7-411C-B17A-954E44972E40}.SingleImage|Any CPU.ActiveCfg = Release|Any CPU
		{18A8C35F-24E7-411C-B17A-954E44972E40}.SingleImage|Any CPU.Build.0 = Release|Any CPU
		{18A8C35F-24E7-411C-B17A-954E44972E40}.SingleImage|ARM.ActiveCfg = Debug|Any CPU
		{18A8C35F-24E7-411C-B17A-954E44972E40}.SingleImage|ARM.Build.0 = Debug|Any CPU
		{18A8C35F-24E7-411C-B17A-954E44972E40}.SingleImage|x64.ActiveCfg = Debug|Any CPU
		{18A8C35F-24E7-411C-B17A-954E44972E40}.SingleImage|x64.Build.0 = Debug|Any CPU
		{18A8C35F-24E7-411C-B17A-954E44972E40}.SingleImage|x86.ActiveCfg = Debug|Any CPU
		{18A8C35F-24E7-411C-B17A-954E44972E40}.SingleImage|x86.Build.0 = Debug|Any CPU
		{28D57EFE-E78A-4C8C-9D8C-45914E20D368}.CD_ROM|Any CPU.ActiveCfg = Release|Any CPU
		{28D57EFE-E78A-4C8C-9D8C-45914E20D368}.CD_ROM|Any CPU.Build.0 = Release|Any CPU
		{28D57EFE-E78A-4C8C-9D8C-45914E20D368}.CD_ROM|ARM.ActiveCfg = Debug|Any CPU
		{28D57EFE-E78A-4C8C-9D8C-45914E20D368}.CD_ROM|ARM.Build.0 = Debug|Any CPU
		{28D57EFE-E78A-4C8C-9D8C-45914E20D368}.CD_ROM|x64.ActiveCfg = Debug|Any CPU
		{28D57EFE-E78A-4C8C-9D8C-45914E20D368}.CD_ROM|x64.Build.0 = Debug|Any CPU
		{28D57EFE-E78A-4C8C-9D8C-45914E20D368}.CD_ROM|x86.ActiveCfg = Debug|Any CPU
		{28D57EFE-E78A-4C8C-9D8C-45914E20D368}.CD_ROM|x86.Build.0 = Debug|Any CPU
		{28D57EFE-E78A-4C8C-9D8C-45914E20D368}.Debug|Any CPU.ActiveCfg = Debug|Any CPU
		{28D57EFE-E78A-4C8C-9D8C-45914E20D368}.Debug|Any CPU.Build.0 = Debug|Any CPU
		{28D57EFE-E78A-4C8C-9D8C-45914E20D368}.Debug|ARM.ActiveCfg = Debug|Any CPU
		{28D57EFE-E78A-4C8C-9D8C-45914E20D368}.Debug|ARM.Build.0 = Debug|Any CPU
		{28D57EFE-E78A-4C8C-9D8C-45914E20D368}.Debug|x64.ActiveCfg = Debug|Any CPU
		{28D57EFE-E78A-4C8C-9D8C-45914E20D368}.Debug|x64.Build.0 = Debug|Any CPU
		{28D57EFE-E78A-4C8C-9D8C-45914E20D368}.Debug|x86.ActiveCfg = Debug|Any CPU
		{28D57EFE-E78A-4C8C-9D8C-45914E20D368}.Debug|x86.Build.0 = Debug|Any CPU
		{28D57EFE-E78A-4C8C-9D8C-45914E20D368}.DVD-5|Any CPU.ActiveCfg = Debug|Any CPU
		{28D57EFE-E78A-4C8C-9D8C-45914E20D368}.DVD-5|Any CPU.Build.0 = Debug|Any CPU
		{28D57EFE-E78A-4C8C-9D8C-45914E20D368}.DVD-5|ARM.ActiveCfg = Debug|Any CPU
		{28D57EFE-E78A-4C8C-9D8C-45914E20D368}.DVD-5|ARM.Build.0 = Debug|Any CPU
		{28D57EFE-E78A-4C8C-9D8C-45914E20D368}.DVD-5|x64.ActiveCfg = Debug|Any CPU
		{28D57EFE-E78A-4C8C-9D8C-45914E20D368}.DVD-5|x64.Build.0 = Debug|Any CPU
		{28D57EFE-E78A-4C8C-9D8C-45914E20D368}.DVD-5|x86.ActiveCfg = Debug|Any CPU
		{28D57EFE-E78A-4C8C-9D8C-45914E20D368}.DVD-5|x86.Build.0 = Debug|Any CPU
		{28D57EFE-E78A-4C8C-9D8C-45914E20D368}.Release|Any CPU.ActiveCfg = Release|Any CPU
		{28D57EFE-E78A-4C8C-9D8C-45914E20D368}.Release|Any CPU.Build.0 = Release|Any CPU
		{28D57EFE-E78A-4C8C-9D8C-45914E20D368}.Release|ARM.ActiveCfg = Release|Any CPU
		{28D57EFE-E78A-4C8C-9D8C-45914E20D368}.Release|ARM.Build.0 = Release|Any CPU
		{28D57EFE-E78A-4C8C-9D8C-45914E20D368}.Release|x64.ActiveCfg = Release|Any CPU
		{28D57EFE-E78A-4C8C-9D8C-45914E20D368}.Release|x64.Build.0 = Release|Any CPU
		{28D57EFE-E78A-4C8C-9D8C-45914E20D368}.Release|x86.ActiveCfg = Release|Any CPU
		{28D57EFE-E78A-4C8C-9D8C-45914E20D368}.Release|x86.Build.0 = Release|Any CPU
		{28D57EFE-E78A-4C8C-9D8C-45914E20D368}.SingleImage|Any CPU.ActiveCfg = Release|Any CPU
		{28D57EFE-E78A-4C8C-9D8C-45914E20D368}.SingleImage|Any CPU.Build.0 = Release|Any CPU
		{28D57EFE-E78A-4C8C-9D8C-45914E20D368}.SingleImage|ARM.ActiveCfg = Debug|Any CPU
		{28D57EFE-E78A-4C8C-9D8C-45914E20D368}.SingleImage|ARM.Build.0 = Debug|Any CPU
		{28D57EFE-E78A-4C8C-9D8C-45914E20D368}.SingleImage|x64.ActiveCfg = Debug|Any CPU
		{28D57EFE-E78A-4C8C-9D8C-45914E20D368}.SingleImage|x64.Build.0 = Debug|Any CPU
		{28D57EFE-E78A-4C8C-9D8C-45914E20D368}.SingleImage|x86.ActiveCfg = Debug|Any CPU
		{28D57EFE-E78A-4C8C-9D8C-45914E20D368}.SingleImage|x86.Build.0 = Debug|Any CPU
		{9747FA2B-52B3-4C0A-992A-82E0F730E161}.CD_ROM|Any CPU.ActiveCfg = Release|Any CPU
		{9747FA2B-52B3-4C0A-992A-82E0F730E161}.CD_ROM|Any CPU.Build.0 = Release|Any CPU
		{9747FA2B-52B3-4C0A-992A-82E0F730E161}.CD_ROM|ARM.ActiveCfg = Debug|Any CPU
		{9747FA2B-52B3-4C0A-992A-82E0F730E161}.CD_ROM|ARM.Build.0 = Debug|Any CPU
		{9747FA2B-52B3-4C0A-992A-82E0F730E161}.CD_ROM|x64.ActiveCfg = Debug|Any CPU
		{9747FA2B-52B3-4C0A-992A-82E0F730E161}.CD_ROM|x64.Build.0 = Debug|Any CPU
		{9747FA2B-52B3-4C0A-992A-82E0F730E161}.CD_ROM|x86.ActiveCfg = Debug|Any CPU
		{9747FA2B-52B3-4C0A-992A-82E0F730E161}.CD_ROM|x86.Build.0 = Debug|Any CPU
		{9747FA2B-52B3-4C0A-992A-82E0F730E161}.Debug|Any CPU.ActiveCfg = Debug|Any CPU
		{9747FA2B-52B3-4C0A-992A-82E0F730E161}.Debug|Any CPU.Build.0 = Debug|Any CPU
		{9747FA2B-52B3-4C0A-992A-82E0F730E161}.Debug|ARM.ActiveCfg = Debug|Any CPU
		{9747FA2B-52B3-4C0A-992A-82E0F730E161}.Debug|ARM.Build.0 = Debug|Any CPU
		{9747FA2B-52B3-4C0A-992A-82E0F730E161}.Debug|x64.ActiveCfg = Debug|Any CPU
		{9747FA2B-52B3-4C0A-992A-82E0F730E161}.Debug|x64.Build.0 = Debug|Any CPU
		{9747FA2B-52B3-4C0A-992A-82E0F730E161}.Debug|x86.ActiveCfg = Debug|Any CPU
		{9747FA2B-52B3-4C0A-992A-82E0F730E161}.Debug|x86.Build.0 = Debug|Any CPU
		{9747FA2B-52B3-4C0A-992A-82E0F730E161}.DVD-5|Any CPU.ActiveCfg = Debug|Any CPU
		{9747FA2B-52B3-4C0A-992A-82E0F730E161}.DVD-5|Any CPU.Build.0 = Debug|Any CPU
		{9747FA2B-52B3-4C0A-992A-82E0F730E161}.DVD-5|ARM.ActiveCfg = Debug|Any CPU
		{9747FA2B-52B3-4C0A-992A-82E0F730E161}.DVD-5|ARM.Build.0 = Debug|Any CPU
		{9747FA2B-52B3-4C0A-992A-82E0F730E161}.DVD-5|x64.ActiveCfg = Debug|Any CPU
		{9747FA2B-52B3-4C0A-992A-82E0F730E161}.DVD-5|x64.Build.0 = Debug|Any CPU
		{9747FA2B-52B3-4C0A-992A-82E0F730E161}.DVD-5|x86.ActiveCfg = Debug|Any CPU
		{9747FA2B-52B3-4C0A-992A-82E0F730E161}.DVD-5|x86.Build.0 = Debug|Any CPU
		{9747FA2B-52B3-4C0A-992A-82E0F730E161}.Release|Any CPU.ActiveCfg = Release|Any CPU
		{9747FA2B-52B3-4C0A-992A-82E0F730E161}.Release|Any CPU.Build.0 = Release|Any CPU
		{9747FA2B-52B3-4C0A-992A-82E0F730E161}.Release|ARM.ActiveCfg = Release|Any CPU
		{9747FA2B-52B3-4C0A-992A-82E0F730E161}.Release|ARM.Build.0 = Release|Any CPU
		{9747FA2B-52B3-4C0A-992A-82E0F730E161}.Release|x64.ActiveCfg = Release|Any CPU
		{9747FA2B-52B3-4C0A-992A-82E0F730E161}.Release|x64.Build.0 = Release|Any CPU
		{9747FA2B-52B3-4C0A-992A-82E0F730E161}.Release|x86.ActiveCfg = Release|Any CPU
		{9747FA2B-52B3-4C0A-992A-82E0F730E161}.Release|x86.Build.0 = Release|Any CPU
		{9747FA2B-52B3-4C0A-992A-82E0F730E161}.SingleImage|Any CPU.ActiveCfg = Release|Any CPU
		{9747FA2B-52B3-4C0A-992A-82E0F730E161}.SingleImage|Any CPU.Build.0 = Release|Any CPU
		{9747FA2B-52B3-4C0A-992A-82E0F730E161}.SingleImage|ARM.ActiveCfg = Debug|Any CPU
		{9747FA2B-52B3-4C0A-992A-82E0F730E161}.SingleImage|ARM.Build.0 = Debug|Any CPU
		{9747FA2B-52B3-4C0A-992A-82E0F730E161}.SingleImage|x64.ActiveCfg = Debug|Any CPU
		{9747FA2B-52B3-4C0A-992A-82E0F730E161}.SingleImage|x64.Build.0 = Debug|Any CPU
		{9747FA2B-52B3-4C0A-992A-82E0F730E161}.SingleImage|x86.ActiveCfg = Debug|Any CPU
		{9747FA2B-52B3-4C0A-992A-82E0F730E161}.SingleImage|x86.Build.0 = Debug|Any CPU
		{4A9E510C-5C2D-4CDC-8EF5-19DD9BCE9EF2}.CD_ROM|Any CPU.ActiveCfg = Release|Any CPU
		{4A9E510C-5C2D-4CDC-8EF5-19DD9BCE9EF2}.CD_ROM|Any CPU.Build.0 = Release|Any CPU
		{4A9E510C-5C2D-4CDC-8EF5-19DD9BCE9EF2}.CD_ROM|ARM.ActiveCfg = Debug|Any CPU
		{4A9E510C-5C2D-4CDC-8EF5-19DD9BCE9EF2}.CD_ROM|ARM.Build.0 = Debug|Any CPU
		{4A9E510C-5C2D-4CDC-8EF5-19DD9BCE9EF2}.CD_ROM|x64.ActiveCfg = Debug|Any CPU
		{4A9E510C-5C2D-4CDC-8EF5-19DD9BCE9EF2}.CD_ROM|x64.Build.0 = Debug|Any CPU
		{4A9E510C-5C2D-4CDC-8EF5-19DD9BCE9EF2}.CD_ROM|x86.ActiveCfg = Debug|Any CPU
		{4A9E510C-5C2D-4CDC-8EF5-19DD9BCE9EF2}.CD_ROM|x86.Build.0 = Debug|Any CPU
		{4A9E510C-5C2D-4CDC-8EF5-19DD9BCE9EF2}.Debug|Any CPU.ActiveCfg = Debug|Any CPU
		{4A9E510C-5C2D-4CDC-8EF5-19DD9BCE9EF2}.Debug|Any CPU.Build.0 = Debug|Any CPU
		{4A9E510C-5C2D-4CDC-8EF5-19DD9BCE9EF2}.Debug|ARM.ActiveCfg = Debug|Any CPU
		{4A9E510C-5C2D-4CDC-8EF5-19DD9BCE9EF2}.Debug|ARM.Build.0 = Debug|Any CPU
		{4A9E510C-5C2D-4CDC-8EF5-19DD9BCE9EF2}.Debug|x64.ActiveCfg = Debug|Any CPU
		{4A9E510C-5C2D-4CDC-8EF5-19DD9BCE9EF2}.Debug|x64.Build.0 = Debug|Any CPU
		{4A9E510C-5C2D-4CDC-8EF5-19DD9BCE9EF2}.Debug|x86.ActiveCfg = Debug|Any CPU
		{4A9E510C-5C2D-4CDC-8EF5-19DD9BCE9EF2}.Debug|x86.Build.0 = Debug|Any CPU
		{4A9E510C-5C2D-4CDC-8EF5-19DD9BCE9EF2}.DVD-5|Any CPU.ActiveCfg = Debug|Any CPU
		{4A9E510C-5C2D-4CDC-8EF5-19DD9BCE9EF2}.DVD-5|Any CPU.Build.0 = Debug|Any CPU
		{4A9E510C-5C2D-4CDC-8EF5-19DD9BCE9EF2}.DVD-5|ARM.ActiveCfg = Debug|Any CPU
		{4A9E510C-5C2D-4CDC-8EF5-19DD9BCE9EF2}.DVD-5|ARM.Build.0 = Debug|Any CPU
		{4A9E510C-5C2D-4CDC-8EF5-19DD9BCE9EF2}.DVD-5|x64.ActiveCfg = Debug|Any CPU
		{4A9E510C-5C2D-4CDC-8EF5-19DD9BCE9EF2}.DVD-5|x64.Build.0 = Debug|Any CPU
		{4A9E510C-5C2D-4CDC-8EF5-19DD9BCE9EF2}.DVD-5|x86.ActiveCfg = Debug|Any CPU
		{4A9E510C-5C2D-4CDC-8EF5-19DD9BCE9EF2}.DVD-5|x86.Build.0 = Debug|Any CPU
		{4A9E510C-5C2D-4CDC-8EF5-19DD9BCE9EF2}.Release|Any CPU.ActiveCfg = Release|Any CPU
		{4A9E510C-5C2D-4CDC-8EF5-19DD9BCE9EF2}.Release|Any CPU.Build.0 = Release|Any CPU
		{4A9E510C-5C2D-4CDC-8EF5-19DD9BCE9EF2}.Release|ARM.ActiveCfg = Release|Any CPU
		{4A9E510C-5C2D-4CDC-8EF5-19DD9BCE9EF2}.Release|ARM.Build.0 = Release|Any CPU
		{4A9E510C-5C2D-4CDC-8EF5-19DD9BCE9EF2}.Release|x64.ActiveCfg = Release|Any CPU
		{4A9E510C-5C2D-4CDC-8EF5-19DD9BCE9EF2}.Release|x64.Build.0 = Release|Any CPU
		{4A9E510C-5C2D-4CDC-8EF5-19DD9BCE9EF2}.Release|x86.ActiveCfg = Release|Any CPU
		{4A9E510C-5C2D-4CDC-8EF5-19DD9BCE9EF2}.Release|x86.Build.0 = Release|Any CPU
		{4A9E510C-5C2D-4CDC-8EF5-19DD9BCE9EF2}.SingleImage|Any CPU.ActiveCfg = Release|Any CPU
		{4A9E510C-5C2D-4CDC-8EF5-19DD9BCE9EF2}.SingleImage|Any CPU.Build.0 = Release|Any CPU
		{4A9E510C-5C2D-4CDC-8EF5-19DD9BCE9EF2}.SingleImage|ARM.ActiveCfg = Debug|Any CPU
		{4A9E510C-5C2D-4CDC-8EF5-19DD9BCE9EF2}.SingleImage|ARM.Build.0 = Debug|Any CPU
		{4A9E510C-5C2D-4CDC-8EF5-19DD9BCE9EF2}.SingleImage|x64.ActiveCfg = Debug|Any CPU
		{4A9E510C-5C2D-4CDC-8EF5-19DD9BCE9EF2}.SingleImage|x64.Build.0 = Debug|Any CPU
		{4A9E510C-5C2D-4CDC-8EF5-19DD9BCE9EF2}.SingleImage|x86.ActiveCfg = Debug|Any CPU
		{4A9E510C-5C2D-4CDC-8EF5-19DD9BCE9EF2}.SingleImage|x86.Build.0 = Debug|Any CPU
		{6E73DDAC-FF46-4203-B5F1-CB3F94E9696B}.CD_ROM|Any CPU.ActiveCfg = Release|Any CPU
		{6E73DDAC-FF46-4203-B5F1-CB3F94E9696B}.CD_ROM|Any CPU.Build.0 = Release|Any CPU
		{6E73DDAC-FF46-4203-B5F1-CB3F94E9696B}.CD_ROM|ARM.ActiveCfg = Debug|Any CPU
		{6E73DDAC-FF46-4203-B5F1-CB3F94E9696B}.CD_ROM|ARM.Build.0 = Debug|Any CPU
		{6E73DDAC-FF46-4203-B5F1-CB3F94E9696B}.CD_ROM|x64.ActiveCfg = Debug|Any CPU
		{6E73DDAC-FF46-4203-B5F1-CB3F94E9696B}.CD_ROM|x64.Build.0 = Debug|Any CPU
		{6E73DDAC-FF46-4203-B5F1-CB3F94E9696B}.CD_ROM|x86.ActiveCfg = Debug|Any CPU
		{6E73DDAC-FF46-4203-B5F1-CB3F94E9696B}.CD_ROM|x86.Build.0 = Debug|Any CPU
		{6E73DDAC-FF46-4203-B5F1-CB3F94E9696B}.Debug|Any CPU.ActiveCfg = Debug|Any CPU
		{6E73DDAC-FF46-4203-B5F1-CB3F94E9696B}.Debug|Any CPU.Build.0 = Debug|Any CPU
		{6E73DDAC-FF46-4203-B5F1-CB3F94E9696B}.Debug|ARM.ActiveCfg = Debug|Any CPU
		{6E73DDAC-FF46-4203-B5F1-CB3F94E9696B}.Debug|ARM.Build.0 = Debug|Any CPU
		{6E73DDAC-FF46-4203-B5F1-CB3F94E9696B}.Debug|x64.ActiveCfg = Debug|Any CPU
		{6E73DDAC-FF46-4203-B5F1-CB3F94E9696B}.Debug|x64.Build.0 = Debug|Any CPU
		{6E73DDAC-FF46-4203-B5F1-CB3F94E9696B}.Debug|x86.ActiveCfg = Debug|Any CPU
		{6E73DDAC-FF46-4203-B5F1-CB3F94E9696B}.Debug|x86.Build.0 = Debug|Any CPU
		{6E73DDAC-FF46-4203-B5F1-CB3F94E9696B}.DVD-5|Any CPU.ActiveCfg = Debug|Any CPU
		{6E73DDAC-FF46-4203-B5F1-CB3F94E9696B}.DVD-5|Any CPU.Build.0 = Debug|Any CPU
		{6E73DDAC-FF46-4203-B5F1-CB3F94E9696B}.DVD-5|ARM.ActiveCfg = Debug|Any CPU
		{6E73DDAC-FF46-4203-B5F1-CB3F94E9696B}.DVD-5|ARM.Build.0 = Debug|Any CPU
		{6E73DDAC-FF46-4203-B5F1-CB3F94E9696B}.DVD-5|x64.ActiveCfg = Debug|Any CPU
		{6E73DDAC-FF46-4203-B5F1-CB3F94E9696B}.DVD-5|x64.Build.0 = Debug|Any CPU
		{6E73DDAC-FF46-4203-B5F1-CB3F94E9696B}.DVD-5|x86.ActiveCfg = Debug|Any CPU
		{6E73DDAC-FF46-4203-B5F1-CB3F94E9696B}.DVD-5|x86.Build.0 = Debug|Any CPU
		{6E73DDAC-FF46-4203-B5F1-CB3F94E9696B}.Release|Any CPU.ActiveCfg = Release|Any CPU
		{6E73DDAC-FF46-4203-B5F1-CB3F94E9696B}.Release|Any CPU.Build.0 = Release|Any CPU
		{6E73DDAC-FF46-4203-B5F1-CB3F94E9696B}.Release|ARM.ActiveCfg = Release|Any CPU
		{6E73DDAC-FF46-4203-B5F1-CB3F94E9696B}.Release|ARM.Build.0 = Release|Any CPU
		{6E73DDAC-FF46-4203-B5F1-CB3F94E9696B}.Release|x64.ActiveCfg = Release|Any CPU
		{6E73DDAC-FF46-4203-B5F1-CB3F94E9696B}.Release|x64.Build.0 = Release|Any CPU
		{6E73DDAC-FF46-4203-B5F1-CB3F94E9696B}.Release|x86.ActiveCfg = Release|Any CPU
		{6E73DDAC-FF46-4203-B5F1-CB3F94E9696B}.Release|x86.Build.0 = Release|Any CPU
		{6E73DDAC-FF46-4203-B5F1-CB3F94E9696B}.SingleImage|Any CPU.ActiveCfg = Release|Any CPU
		{6E73DDAC-FF46-4203-B5F1-CB3F94E9696B}.SingleImage|Any CPU.Build.0 = Release|Any CPU
		{6E73DDAC-FF46-4203-B5F1-CB3F94E9696B}.SingleImage|ARM.ActiveCfg = Debug|Any CPU
		{6E73DDAC-FF46-4203-B5F1-CB3F94E9696B}.SingleImage|ARM.Build.0 = Debug|Any CPU
		{6E73DDAC-FF46-4203-B5F1-CB3F94E9696B}.SingleImage|x64.ActiveCfg = Debug|Any CPU
		{6E73DDAC-FF46-4203-B5F1-CB3F94E9696B}.SingleImage|x64.Build.0 = Debug|Any CPU
		{6E73DDAC-FF46-4203-B5F1-CB3F94E9696B}.SingleImage|x86.ActiveCfg = Debug|Any CPU
		{6E73DDAC-FF46-4203-B5F1-CB3F94E9696B}.SingleImage|x86.Build.0 = Debug|Any CPU
		{8D1893CD-90B0-4437-BF31-49EDB6D9230E}.CD_ROM|Any CPU.ActiveCfg = Release|Any CPU
		{8D1893CD-90B0-4437-BF31-49EDB6D9230E}.CD_ROM|Any CPU.Build.0 = Release|Any CPU
		{8D1893CD-90B0-4437-BF31-49EDB6D9230E}.CD_ROM|ARM.ActiveCfg = Debug|Any CPU
		{8D1893CD-90B0-4437-BF31-49EDB6D9230E}.CD_ROM|ARM.Build.0 = Debug|Any CPU
		{8D1893CD-90B0-4437-BF31-49EDB6D9230E}.CD_ROM|x64.ActiveCfg = Debug|Any CPU
		{8D1893CD-90B0-4437-BF31-49EDB6D9230E}.CD_ROM|x64.Build.0 = Debug|Any CPU
		{8D1893CD-90B0-4437-BF31-49EDB6D9230E}.CD_ROM|x86.ActiveCfg = Debug|Any CPU
		{8D1893CD-90B0-4437-BF31-49EDB6D9230E}.CD_ROM|x86.Build.0 = Debug|Any CPU
		{8D1893CD-90B0-4437-BF31-49EDB6D9230E}.Debug|Any CPU.ActiveCfg = Debug|Any CPU
		{8D1893CD-90B0-4437-BF31-49EDB6D9230E}.Debug|Any CPU.Build.0 = Debug|Any CPU
		{8D1893CD-90B0-4437-BF31-49EDB6D9230E}.Debug|ARM.ActiveCfg = Debug|Any CPU
		{8D1893CD-90B0-4437-BF31-49EDB6D9230E}.Debug|ARM.Build.0 = Debug|Any CPU
		{8D1893CD-90B0-4437-BF31-49EDB6D9230E}.Debug|x64.ActiveCfg = Debug|Any CPU
		{8D1893CD-90B0-4437-BF31-49EDB6D9230E}.Debug|x64.Build.0 = Debug|Any CPU
		{8D1893CD-90B0-4437-BF31-49EDB6D9230E}.Debug|x86.ActiveCfg = Debug|Any CPU
		{8D1893CD-90B0-4437-BF31-49EDB6D9230E}.Debug|x86.Build.0 = Debug|Any CPU
		{8D1893CD-90B0-4437-BF31-49EDB6D9230E}.DVD-5|Any CPU.ActiveCfg = Debug|Any CPU
		{8D1893CD-90B0-4437-BF31-49EDB6D9230E}.DVD-5|Any CPU.Build.0 = Debug|Any CPU
		{8D1893CD-90B0-4437-BF31-49EDB6D9230E}.DVD-5|ARM.ActiveCfg = Debug|Any CPU
		{8D1893CD-90B0-4437-BF31-49EDB6D9230E}.DVD-5|ARM.Build.0 = Debug|Any CPU
		{8D1893CD-90B0-4437-BF31-49EDB6D9230E}.DVD-5|x64.ActiveCfg = Debug|Any CPU
		{8D1893CD-90B0-4437-BF31-49EDB6D9230E}.DVD-5|x64.Build.0 = Debug|Any CPU
		{8D1893CD-90B0-4437-BF31-49EDB6D9230E}.DVD-5|x86.ActiveCfg = Debug|Any CPU
		{8D1893CD-90B0-4437-BF31-49EDB6D9230E}.DVD-5|x86.Build.0 = Debug|Any CPU
		{8D1893CD-90B0-4437-BF31-49EDB6D9230E}.Release|Any CPU.ActiveCfg = Release|Any CPU
		{8D1893CD-90B0-4437-BF31-49EDB6D9230E}.Release|Any CPU.Build.0 = Release|Any CPU
		{8D1893CD-90B0-4437-BF31-49EDB6D9230E}.Release|ARM.ActiveCfg = Release|Any CPU
		{8D1893CD-90B0-4437-BF31-49EDB6D9230E}.Release|ARM.Build.0 = Release|Any CPU
		{8D1893CD-90B0-4437-BF31-49EDB6D9230E}.Release|x64.ActiveCfg = Release|Any CPU
		{8D1893CD-90B0-4437-BF31-49EDB6D9230E}.Release|x64.Build.0 = Release|Any CPU
		{8D1893CD-90B0-4437-BF31-49EDB6D9230E}.Release|x86.ActiveCfg = Release|Any CPU
		{8D1893CD-90B0-4437-BF31-49EDB6D9230E}.Release|x86.Build.0 = Release|Any CPU
		{8D1893CD-90B0-4437-BF31-49EDB6D9230E}.SingleImage|Any CPU.ActiveCfg = Release|Any CPU
		{8D1893CD-90B0-4437-BF31-49EDB6D9230E}.SingleImage|Any CPU.Build.0 = Release|Any CPU
		{8D1893CD-90B0-4437-BF31-49EDB6D9230E}.SingleImage|ARM.ActiveCfg = Debug|Any CPU
		{8D1893CD-90B0-4437-BF31-49EDB6D9230E}.SingleImage|ARM.Build.0 = Debug|Any CPU
		{8D1893CD-90B0-4437-BF31-49EDB6D9230E}.SingleImage|x64.ActiveCfg = Debug|Any CPU
		{8D1893CD-90B0-4437-BF31-49EDB6D9230E}.SingleImage|x64.Build.0 = Debug|Any CPU
		{8D1893CD-90B0-4437-BF31-49EDB6D9230E}.SingleImage|x86.ActiveCfg = Debug|Any CPU
		{8D1893CD-90B0-4437-BF31-49EDB6D9230E}.SingleImage|x86.Build.0 = Debug|Any CPU
		{6A583308-17EE-4DAC-B5B3-BA62BD59641E}.CD_ROM|Any CPU.ActiveCfg = Release|Any CPU
		{6A583308-17EE-4DAC-B5B3-BA62BD59641E}.CD_ROM|Any CPU.Build.0 = Release|Any CPU
		{6A583308-17EE-4DAC-B5B3-BA62BD59641E}.CD_ROM|ARM.ActiveCfg = Debug|Any CPU
		{6A583308-17EE-4DAC-B5B3-BA62BD59641E}.CD_ROM|ARM.Build.0 = Debug|Any CPU
		{6A583308-17EE-4DAC-B5B3-BA62BD59641E}.CD_ROM|x64.ActiveCfg = Debug|Any CPU
		{6A583308-17EE-4DAC-B5B3-BA62BD59641E}.CD_ROM|x64.Build.0 = Debug|Any CPU
		{6A583308-17EE-4DAC-B5B3-BA62BD59641E}.CD_ROM|x86.ActiveCfg = Debug|Any CPU
		{6A583308-17EE-4DAC-B5B3-BA62BD59641E}.CD_ROM|x86.Build.0 = Debug|Any CPU
		{6A583308-17EE-4DAC-B5B3-BA62BD59641E}.Debug|Any CPU.ActiveCfg = Debug|Any CPU
		{6A583308-17EE-4DAC-B5B3-BA62BD59641E}.Debug|Any CPU.Build.0 = Debug|Any CPU
		{6A583308-17EE-4DAC-B5B3-BA62BD59641E}.Debug|ARM.ActiveCfg = Debug|Any CPU
		{6A583308-17EE-4DAC-B5B3-BA62BD59641E}.Debug|ARM.Build.0 = Debug|Any CPU
		{6A583308-17EE-4DAC-B5B3-BA62BD59641E}.Debug|x64.ActiveCfg = Debug|Any CPU
		{6A583308-17EE-4DAC-B5B3-BA62BD59641E}.Debug|x64.Build.0 = Debug|Any CPU
		{6A583308-17EE-4DAC-B5B3-BA62BD59641E}.Debug|x86.ActiveCfg = Debug|Any CPU
		{6A583308-17EE-4DAC-B5B3-BA62BD59641E}.Debug|x86.Build.0 = Debug|Any CPU
		{6A583308-17EE-4DAC-B5B3-BA62BD59641E}.DVD-5|Any CPU.ActiveCfg = Debug|Any CPU
		{6A583308-17EE-4DAC-B5B3-BA62BD59641E}.DVD-5|Any CPU.Build.0 = Debug|Any CPU
		{6A583308-17EE-4DAC-B5B3-BA62BD59641E}.DVD-5|ARM.ActiveCfg = Debug|Any CPU
		{6A583308-17EE-4DAC-B5B3-BA62BD59641E}.DVD-5|ARM.Build.0 = Debug|Any CPU
		{6A583308-17EE-4DAC-B5B3-BA62BD59641E}.DVD-5|x64.ActiveCfg = Debug|Any CPU
		{6A583308-17EE-4DAC-B5B3-BA62BD59641E}.DVD-5|x64.Build.0 = Debug|Any CPU
		{6A583308-17EE-4DAC-B5B3-BA62BD59641E}.DVD-5|x86.ActiveCfg = Debug|Any CPU
		{6A583308-17EE-4DAC-B5B3-BA62BD59641E}.DVD-5|x86.Build.0 = Debug|Any CPU
		{6A583308-17EE-4DAC-B5B3-BA62BD59641E}.Release|Any CPU.ActiveCfg = Release|Any CPU
		{6A583308-17EE-4DAC-B5B3-BA62BD59641E}.Release|Any CPU.Build.0 = Release|Any CPU
		{6A583308-17EE-4DAC-B5B3-BA62BD59641E}.Release|ARM.ActiveCfg = Release|Any CPU
		{6A583308-17EE-4DAC-B5B3-BA62BD59641E}.Release|ARM.Build.0 = Release|Any CPU
		{6A583308-17EE-4DAC-B5B3-BA62BD59641E}.Release|x64.ActiveCfg = Release|Any CPU
		{6A583308-17EE-4DAC-B5B3-BA62BD59641E}.Release|x64.Build.0 = Release|Any CPU
		{6A583308-17EE-4DAC-B5B3-BA62BD59641E}.Release|x86.ActiveCfg = Release|Any CPU
		{6A583308-17EE-4DAC-B5B3-BA62BD59641E}.Release|x86.Build.0 = Release|Any CPU
		{6A583308-17EE-4DAC-B5B3-BA62BD59641E}.SingleImage|Any CPU.ActiveCfg = Release|Any CPU
		{6A583308-17EE-4DAC-B5B3-BA62BD59641E}.SingleImage|Any CPU.Build.0 = Release|Any CPU
		{6A583308-17EE-4DAC-B5B3-BA62BD59641E}.SingleImage|ARM.ActiveCfg = Debug|Any CPU
		{6A583308-17EE-4DAC-B5B3-BA62BD59641E}.SingleImage|ARM.Build.0 = Debug|Any CPU
		{6A583308-17EE-4DAC-B5B3-BA62BD59641E}.SingleImage|x64.ActiveCfg = Debug|Any CPU
		{6A583308-17EE-4DAC-B5B3-BA62BD59641E}.SingleImage|x64.Build.0 = Debug|Any CPU
		{6A583308-17EE-4DAC-B5B3-BA62BD59641E}.SingleImage|x86.ActiveCfg = Debug|Any CPU
		{6A583308-17EE-4DAC-B5B3-BA62BD59641E}.SingleImage|x86.Build.0 = Debug|Any CPU
		{0EA0EE96-1C53-4994-836C-676D4A5D2AB7}.CD_ROM|Any CPU.ActiveCfg = Release|Any CPU
		{0EA0EE96-1C53-4994-836C-676D4A5D2AB7}.CD_ROM|Any CPU.Build.0 = Release|Any CPU
		{0EA0EE96-1C53-4994-836C-676D4A5D2AB7}.CD_ROM|ARM.ActiveCfg = Debug|Any CPU
		{0EA0EE96-1C53-4994-836C-676D4A5D2AB7}.CD_ROM|ARM.Build.0 = Debug|Any CPU
		{0EA0EE96-1C53-4994-836C-676D4A5D2AB7}.CD_ROM|x64.ActiveCfg = Debug|Any CPU
		{0EA0EE96-1C53-4994-836C-676D4A5D2AB7}.CD_ROM|x64.Build.0 = Debug|Any CPU
		{0EA0EE96-1C53-4994-836C-676D4A5D2AB7}.CD_ROM|x86.ActiveCfg = Debug|Any CPU
		{0EA0EE96-1C53-4994-836C-676D4A5D2AB7}.CD_ROM|x86.Build.0 = Debug|Any CPU
		{0EA0EE96-1C53-4994-836C-676D4A5D2AB7}.Debug|Any CPU.ActiveCfg = Debug|Any CPU
		{0EA0EE96-1C53-4994-836C-676D4A5D2AB7}.Debug|Any CPU.Build.0 = Debug|Any CPU
		{0EA0EE96-1C53-4994-836C-676D4A5D2AB7}.Debug|ARM.ActiveCfg = Debug|Any CPU
		{0EA0EE96-1C53-4994-836C-676D4A5D2AB7}.Debug|ARM.Build.0 = Debug|Any CPU
		{0EA0EE96-1C53-4994-836C-676D4A5D2AB7}.Debug|x64.ActiveCfg = Debug|Any CPU
		{0EA0EE96-1C53-4994-836C-676D4A5D2AB7}.Debug|x64.Build.0 = Debug|Any CPU
		{0EA0EE96-1C53-4994-836C-676D4A5D2AB7}.Debug|x86.ActiveCfg = Debug|Any CPU
		{0EA0EE96-1C53-4994-836C-676D4A5D2AB7}.Debug|x86.Build.0 = Debug|Any CPU
		{0EA0EE96-1C53-4994-836C-676D4A5D2AB7}.DVD-5|Any CPU.ActiveCfg = Debug|Any CPU
		{0EA0EE96-1C53-4994-836C-676D4A5D2AB7}.DVD-5|Any CPU.Build.0 = Debug|Any CPU
		{0EA0EE96-1C53-4994-836C-676D4A5D2AB7}.DVD-5|ARM.ActiveCfg = Debug|Any CPU
		{0EA0EE96-1C53-4994-836C-676D4A5D2AB7}.DVD-5|ARM.Build.0 = Debug|Any CPU
		{0EA0EE96-1C53-4994-836C-676D4A5D2AB7}.DVD-5|x64.ActiveCfg = Debug|Any CPU
		{0EA0EE96-1C53-4994-836C-676D4A5D2AB7}.DVD-5|x64.Build.0 = Debug|Any CPU
		{0EA0EE96-1C53-4994-836C-676D4A5D2AB7}.DVD-5|x86.ActiveCfg = Debug|Any CPU
		{0EA0EE96-1C53-4994-836C-676D4A5D2AB7}.DVD-5|x86.Build.0 = Debug|Any CPU
		{0EA0EE96-1C53-4994-836C-676D4A5D2AB7}.Release|Any CPU.ActiveCfg = Release|Any CPU
		{0EA0EE96-1C53-4994-836C-676D4A5D2AB7}.Release|Any CPU.Build.0 = Release|Any CPU
		{0EA0EE96-1C53-4994-836C-676D4A5D2AB7}.Release|ARM.ActiveCfg = Release|Any CPU
		{0EA0EE96-1C53-4994-836C-676D4A5D2AB7}.Release|ARM.Build.0 = Release|Any CPU
		{0EA0EE96-1C53-4994-836C-676D4A5D2AB7}.Release|x64.ActiveCfg = Release|Any CPU
		{0EA0EE96-1C53-4994-836C-676D4A5D2AB7}.Release|x64.Build.0 = Release|Any CPU
		{0EA0EE96-1C53-4994-836C-676D4A5D2AB7}.Release|x86.ActiveCfg = Release|Any CPU
		{0EA0EE96-1C53-4994-836C-676D4A5D2AB7}.Release|x86.Build.0 = Release|Any CPU
		{0EA0EE96-1C53-4994-836C-676D4A5D2AB7}.SingleImage|Any CPU.ActiveCfg = Release|Any CPU
		{0EA0EE96-1C53-4994-836C-676D4A5D2AB7}.SingleImage|Any CPU.Build.0 = Release|Any CPU
		{0EA0EE96-1C53-4994-836C-676D4A5D2AB7}.SingleImage|ARM.ActiveCfg = Debug|Any CPU
		{0EA0EE96-1C53-4994-836C-676D4A5D2AB7}.SingleImage|ARM.Build.0 = Debug|Any CPU
		{0EA0EE96-1C53-4994-836C-676D4A5D2AB7}.SingleImage|x64.ActiveCfg = Debug|Any CPU
		{0EA0EE96-1C53-4994-836C-676D4A5D2AB7}.SingleImage|x64.Build.0 = Debug|Any CPU
		{0EA0EE96-1C53-4994-836C-676D4A5D2AB7}.SingleImage|x86.ActiveCfg = Debug|Any CPU
		{0EA0EE96-1C53-4994-836C-676D4A5D2AB7}.SingleImage|x86.Build.0 = Debug|Any CPU
		{06C6B81B-05BF-4764-A3F4-A85143ECD2E8}.CD_ROM|Any CPU.ActiveCfg = Release|Any CPU
		{06C6B81B-05BF-4764-A3F4-A85143ECD2E8}.CD_ROM|Any CPU.Build.0 = Release|Any CPU
		{06C6B81B-05BF-4764-A3F4-A85143ECD2E8}.CD_ROM|ARM.ActiveCfg = Release|Any CPU
		{06C6B81B-05BF-4764-A3F4-A85143ECD2E8}.CD_ROM|ARM.Build.0 = Release|Any CPU
		{06C6B81B-05BF-4764-A3F4-A85143ECD2E8}.CD_ROM|x64.ActiveCfg = Release|Any CPU
		{06C6B81B-05BF-4764-A3F4-A85143ECD2E8}.CD_ROM|x64.Build.0 = Release|Any CPU
		{06C6B81B-05BF-4764-A3F4-A85143ECD2E8}.CD_ROM|x86.ActiveCfg = Release|Any CPU
		{06C6B81B-05BF-4764-A3F4-A85143ECD2E8}.CD_ROM|x86.Build.0 = Release|Any CPU
		{06C6B81B-05BF-4764-A3F4-A85143ECD2E8}.Debug|Any CPU.ActiveCfg = Debug|Any CPU
		{06C6B81B-05BF-4764-A3F4-A85143ECD2E8}.Debug|Any CPU.Build.0 = Debug|Any CPU
		{06C6B81B-05BF-4764-A3F4-A85143ECD2E8}.Debug|ARM.ActiveCfg = Debug|Any CPU
		{06C6B81B-05BF-4764-A3F4-A85143ECD2E8}.Debug|ARM.Build.0 = Debug|Any CPU
		{06C6B81B-05BF-4764-A3F4-A85143ECD2E8}.Debug|x64.ActiveCfg = Debug|Any CPU
		{06C6B81B-05BF-4764-A3F4-A85143ECD2E8}.Debug|x64.Build.0 = Debug|Any CPU
		{06C6B81B-05BF-4764-A3F4-A85143ECD2E8}.Debug|x86.ActiveCfg = Debug|Any CPU
		{06C6B81B-05BF-4764-A3F4-A85143ECD2E8}.Debug|x86.Build.0 = Debug|Any CPU
		{06C6B81B-05BF-4764-A3F4-A85143ECD2E8}.DVD-5|Any CPU.ActiveCfg = Debug|Any CPU
		{06C6B81B-05BF-4764-A3F4-A85143ECD2E8}.DVD-5|Any CPU.Build.0 = Debug|Any CPU
		{06C6B81B-05BF-4764-A3F4-A85143ECD2E8}.DVD-5|ARM.ActiveCfg = Debug|Any CPU
		{06C6B81B-05BF-4764-A3F4-A85143ECD2E8}.DVD-5|ARM.Build.0 = Debug|Any CPU
		{06C6B81B-05BF-4764-A3F4-A85143ECD2E8}.DVD-5|x64.ActiveCfg = Debug|Any CPU
		{06C6B81B-05BF-4764-A3F4-A85143ECD2E8}.DVD-5|x64.Build.0 = Debug|Any CPU
		{06C6B81B-05BF-4764-A3F4-A85143ECD2E8}.DVD-5|x86.ActiveCfg = Debug|Any CPU
		{06C6B81B-05BF-4764-A3F4-A85143ECD2E8}.DVD-5|x86.Build.0 = Debug|Any CPU
		{06C6B81B-05BF-4764-A3F4-A85143ECD2E8}.Release|Any CPU.ActiveCfg = Release|Any CPU
		{06C6B81B-05BF-4764-A3F4-A85143ECD2E8}.Release|Any CPU.Build.0 = Release|Any CPU
		{06C6B81B-05BF-4764-A3F4-A85143ECD2E8}.Release|ARM.ActiveCfg = Release|Any CPU
		{06C6B81B-05BF-4764-A3F4-A85143ECD2E8}.Release|ARM.Build.0 = Release|Any CPU
		{06C6B81B-05BF-4764-A3F4-A85143ECD2E8}.Release|x64.ActiveCfg = Release|Any CPU
		{06C6B81B-05BF-4764-A3F4-A85143ECD2E8}.Release|x64.Build.0 = Release|Any CPU
		{06C6B81B-05BF-4764-A3F4-A85143ECD2E8}.Release|x86.ActiveCfg = Release|Any CPU
		{06C6B81B-05BF-4764-A3F4-A85143ECD2E8}.Release|x86.Build.0 = Release|Any CPU
		{06C6B81B-05BF-4764-A3F4-A85143ECD2E8}.SingleImage|Any CPU.ActiveCfg = Release|Any CPU
		{06C6B81B-05BF-4764-A3F4-A85143ECD2E8}.SingleImage|Any CPU.Build.0 = Release|Any CPU
		{06C6B81B-05BF-4764-A3F4-A85143ECD2E8}.SingleImage|ARM.ActiveCfg = Release|Any CPU
		{06C6B81B-05BF-4764-A3F4-A85143ECD2E8}.SingleImage|ARM.Build.0 = Release|Any CPU
		{06C6B81B-05BF-4764-A3F4-A85143ECD2E8}.SingleImage|x64.ActiveCfg = Release|Any CPU
		{06C6B81B-05BF-4764-A3F4-A85143ECD2E8}.SingleImage|x64.Build.0 = Release|Any CPU
		{06C6B81B-05BF-4764-A3F4-A85143ECD2E8}.SingleImage|x86.ActiveCfg = Release|Any CPU
		{06C6B81B-05BF-4764-A3F4-A85143ECD2E8}.SingleImage|x86.Build.0 = Release|Any CPU
		{A015DD48-3A09-413E-8F95-0FA2A07E1190}.CD_ROM|Any CPU.ActiveCfg = Release|Any CPU
		{A015DD48-3A09-413E-8F95-0FA2A07E1190}.CD_ROM|Any CPU.Build.0 = Release|Any CPU
		{A015DD48-3A09-413E-8F95-0FA2A07E1190}.CD_ROM|ARM.ActiveCfg = Release|Any CPU
		{A015DD48-3A09-413E-8F95-0FA2A07E1190}.CD_ROM|ARM.Build.0 = Release|Any CPU
		{A015DD48-3A09-413E-8F95-0FA2A07E1190}.CD_ROM|x64.ActiveCfg = Release|Any CPU
		{A015DD48-3A09-413E-8F95-0FA2A07E1190}.CD_ROM|x64.Build.0 = Release|Any CPU
		{A015DD48-3A09-413E-8F95-0FA2A07E1190}.CD_ROM|x86.ActiveCfg = Release|Any CPU
		{A015DD48-3A09-413E-8F95-0FA2A07E1190}.CD_ROM|x86.Build.0 = Release|Any CPU
		{A015DD48-3A09-413E-8F95-0FA2A07E1190}.Debug|Any CPU.ActiveCfg = Debug|Any CPU
		{A015DD48-3A09-413E-8F95-0FA2A07E1190}.Debug|Any CPU.Build.0 = Debug|Any CPU
		{A015DD48-3A09-413E-8F95-0FA2A07E1190}.Debug|ARM.ActiveCfg = Debug|Any CPU
		{A015DD48-3A09-413E-8F95-0FA2A07E1190}.Debug|ARM.Build.0 = Debug|Any CPU
		{A015DD48-3A09-413E-8F95-0FA2A07E1190}.Debug|x64.ActiveCfg = Debug|Any CPU
		{A015DD48-3A09-413E-8F95-0FA2A07E1190}.Debug|x64.Build.0 = Debug|Any CPU
		{A015DD48-3A09-413E-8F95-0FA2A07E1190}.Debug|x86.ActiveCfg = Debug|Any CPU
		{A015DD48-3A09-413E-8F95-0FA2A07E1190}.Debug|x86.Build.0 = Debug|Any CPU
		{A015DD48-3A09-413E-8F95-0FA2A07E1190}.DVD-5|Any CPU.ActiveCfg = Debug|Any CPU
		{A015DD48-3A09-413E-8F95-0FA2A07E1190}.DVD-5|Any CPU.Build.0 = Debug|Any CPU
		{A015DD48-3A09-413E-8F95-0FA2A07E1190}.DVD-5|ARM.ActiveCfg = Debug|Any CPU
		{A015DD48-3A09-413E-8F95-0FA2A07E1190}.DVD-5|ARM.Build.0 = Debug|Any CPU
		{A015DD48-3A09-413E-8F95-0FA2A07E1190}.DVD-5|x64.ActiveCfg = Debug|Any CPU
		{A015DD48-3A09-413E-8F95-0FA2A07E1190}.DVD-5|x64.Build.0 = Debug|Any CPU
		{A015DD48-3A09-413E-8F95-0FA2A07E1190}.DVD-5|x86.ActiveCfg = Debug|Any CPU
		{A015DD48-3A09-413E-8F95-0FA2A07E1190}.DVD-5|x86.Build.0 = Debug|Any CPU
		{A015DD48-3A09-413E-8F95-0FA2A07E1190}.Release|Any CPU.ActiveCfg = Release|Any CPU
		{A015DD48-3A09-413E-8F95-0FA2A07E1190}.Release|Any CPU.Build.0 = Release|Any CPU
		{A015DD48-3A09-413E-8F95-0FA2A07E1190}.Release|ARM.ActiveCfg = Release|Any CPU
		{A015DD48-3A09-413E-8F95-0FA2A07E1190}.Release|ARM.Build.0 = Release|Any CPU
		{A015DD48-3A09-413E-8F95-0FA2A07E1190}.Release|x64.ActiveCfg = Release|Any CPU
		{A015DD48-3A09-413E-8F95-0FA2A07E1190}.Release|x64.Build.0 = Release|Any CPU
		{A015DD48-3A09-413E-8F95-0FA2A07E1190}.Release|x86.ActiveCfg = Release|Any CPU
		{A015DD48-3A09-413E-8F95-0FA2A07E1190}.Release|x86.Build.0 = Release|Any CPU
		{A015DD48-3A09-413E-8F95-0FA2A07E1190}.SingleImage|Any CPU.ActiveCfg = Release|Any CPU
		{A015DD48-3A09-413E-8F95-0FA2A07E1190}.SingleImage|Any CPU.Build.0 = Release|Any CPU
		{A015DD48-3A09-413E-8F95-0FA2A07E1190}.SingleImage|ARM.ActiveCfg = Release|Any CPU
		{A015DD48-3A09-413E-8F95-0FA2A07E1190}.SingleImage|ARM.Build.0 = Release|Any CPU
		{A015DD48-3A09-413E-8F95-0FA2A07E1190}.SingleImage|x64.ActiveCfg = Release|Any CPU
		{A015DD48-3A09-413E-8F95-0FA2A07E1190}.SingleImage|x64.Build.0 = Release|Any CPU
		{A015DD48-3A09-413E-8F95-0FA2A07E1190}.SingleImage|x86.ActiveCfg = Release|Any CPU
		{A015DD48-3A09-413E-8F95-0FA2A07E1190}.SingleImage|x86.Build.0 = Release|Any CPU
		{BF9D7431-74EA-4CE1-A9D5-18868A0F42CF}.CD_ROM|Any CPU.ActiveCfg = Release|Any CPU
		{BF9D7431-74EA-4CE1-A9D5-18868A0F42CF}.CD_ROM|Any CPU.Build.0 = Release|Any CPU
		{BF9D7431-74EA-4CE1-A9D5-18868A0F42CF}.CD_ROM|ARM.ActiveCfg = Release|Any CPU
		{BF9D7431-74EA-4CE1-A9D5-18868A0F42CF}.CD_ROM|ARM.Build.0 = Release|Any CPU
		{BF9D7431-74EA-4CE1-A9D5-18868A0F42CF}.CD_ROM|x64.ActiveCfg = Release|Any CPU
		{BF9D7431-74EA-4CE1-A9D5-18868A0F42CF}.CD_ROM|x64.Build.0 = Release|Any CPU
		{BF9D7431-74EA-4CE1-A9D5-18868A0F42CF}.CD_ROM|x86.ActiveCfg = Release|Any CPU
		{BF9D7431-74EA-4CE1-A9D5-18868A0F42CF}.CD_ROM|x86.Build.0 = Release|Any CPU
		{BF9D7431-74EA-4CE1-A9D5-18868A0F42CF}.Debug|Any CPU.ActiveCfg = Debug|Any CPU
		{BF9D7431-74EA-4CE1-A9D5-18868A0F42CF}.Debug|Any CPU.Build.0 = Debug|Any CPU
		{BF9D7431-74EA-4CE1-A9D5-18868A0F42CF}.Debug|ARM.ActiveCfg = Debug|Any CPU
		{BF9D7431-74EA-4CE1-A9D5-18868A0F42CF}.Debug|ARM.Build.0 = Debug|Any CPU
		{BF9D7431-74EA-4CE1-A9D5-18868A0F42CF}.Debug|x64.ActiveCfg = Debug|Any CPU
		{BF9D7431-74EA-4CE1-A9D5-18868A0F42CF}.Debug|x64.Build.0 = Debug|Any CPU
		{BF9D7431-74EA-4CE1-A9D5-18868A0F42CF}.Debug|x86.ActiveCfg = Debug|Any CPU
		{BF9D7431-74EA-4CE1-A9D5-18868A0F42CF}.Debug|x86.Build.0 = Debug|Any CPU
		{BF9D7431-74EA-4CE1-A9D5-18868A0F42CF}.DVD-5|Any CPU.ActiveCfg = Debug|Any CPU
		{BF9D7431-74EA-4CE1-A9D5-18868A0F42CF}.DVD-5|Any CPU.Build.0 = Debug|Any CPU
		{BF9D7431-74EA-4CE1-A9D5-18868A0F42CF}.DVD-5|ARM.ActiveCfg = Debug|Any CPU
		{BF9D7431-74EA-4CE1-A9D5-18868A0F42CF}.DVD-5|ARM.Build.0 = Debug|Any CPU
		{BF9D7431-74EA-4CE1-A9D5-18868A0F42CF}.DVD-5|x64.ActiveCfg = Debug|Any CPU
		{BF9D7431-74EA-4CE1-A9D5-18868A0F42CF}.DVD-5|x64.Build.0 = Debug|Any CPU
		{BF9D7431-74EA-4CE1-A9D5-18868A0F42CF}.DVD-5|x86.ActiveCfg = Debug|Any CPU
		{BF9D7431-74EA-4CE1-A9D5-18868A0F42CF}.DVD-5|x86.Build.0 = Debug|Any CPU
		{BF9D7431-74EA-4CE1-A9D5-18868A0F42CF}.Release|Any CPU.ActiveCfg = Release|Any CPU
		{BF9D7431-74EA-4CE1-A9D5-18868A0F42CF}.Release|Any CPU.Build.0 = Release|Any CPU
		{BF9D7431-74EA-4CE1-A9D5-18868A0F42CF}.Release|ARM.ActiveCfg = Release|Any CPU
		{BF9D7431-74EA-4CE1-A9D5-18868A0F42CF}.Release|ARM.Build.0 = Release|Any CPU
		{BF9D7431-74EA-4CE1-A9D5-18868A0F42CF}.Release|x64.ActiveCfg = Release|Any CPU
		{BF9D7431-74EA-4CE1-A9D5-18868A0F42CF}.Release|x64.Build.0 = Release|Any CPU
		{BF9D7431-74EA-4CE1-A9D5-18868A0F42CF}.Release|x86.ActiveCfg = Release|Any CPU
		{BF9D7431-74EA-4CE1-A9D5-18868A0F42CF}.Release|x86.Build.0 = Release|Any CPU
		{BF9D7431-74EA-4CE1-A9D5-18868A0F42CF}.SingleImage|Any CPU.ActiveCfg = Release|Any CPU
		{BF9D7431-74EA-4CE1-A9D5-18868A0F42CF}.SingleImage|Any CPU.Build.0 = Release|Any CPU
		{BF9D7431-74EA-4CE1-A9D5-18868A0F42CF}.SingleImage|ARM.ActiveCfg = Release|Any CPU
		{BF9D7431-74EA-4CE1-A9D5-18868A0F42CF}.SingleImage|ARM.Build.0 = Release|Any CPU
		{BF9D7431-74EA-4CE1-A9D5-18868A0F42CF}.SingleImage|x64.ActiveCfg = Release|Any CPU
		{BF9D7431-74EA-4CE1-A9D5-18868A0F42CF}.SingleImage|x64.Build.0 = Release|Any CPU
		{BF9D7431-74EA-4CE1-A9D5-18868A0F42CF}.SingleImage|x86.ActiveCfg = Release|Any CPU
		{BF9D7431-74EA-4CE1-A9D5-18868A0F42CF}.SingleImage|x86.Build.0 = Release|Any CPU
		{728E53CC-92B9-4C1F-94FF-99C2085FCE9B}.CD_ROM|Any CPU.ActiveCfg = Release|Any CPU
		{728E53CC-92B9-4C1F-94FF-99C2085FCE9B}.CD_ROM|Any CPU.Build.0 = Release|Any CPU
		{728E53CC-92B9-4C1F-94FF-99C2085FCE9B}.CD_ROM|ARM.ActiveCfg = Release|Any CPU
		{728E53CC-92B9-4C1F-94FF-99C2085FCE9B}.CD_ROM|ARM.Build.0 = Release|Any CPU
		{728E53CC-92B9-4C1F-94FF-99C2085FCE9B}.CD_ROM|x64.ActiveCfg = Release|Any CPU
		{728E53CC-92B9-4C1F-94FF-99C2085FCE9B}.CD_ROM|x64.Build.0 = Release|Any CPU
		{728E53CC-92B9-4C1F-94FF-99C2085FCE9B}.CD_ROM|x86.ActiveCfg = Release|Any CPU
		{728E53CC-92B9-4C1F-94FF-99C2085FCE9B}.CD_ROM|x86.Build.0 = Release|Any CPU
		{728E53CC-92B9-4C1F-94FF-99C2085FCE9B}.Debug|Any CPU.ActiveCfg = Debug|Any CPU
		{728E53CC-92B9-4C1F-94FF-99C2085FCE9B}.Debug|Any CPU.Build.0 = Debug|Any CPU
		{728E53CC-92B9-4C1F-94FF-99C2085FCE9B}.Debug|ARM.ActiveCfg = Debug|Any CPU
		{728E53CC-92B9-4C1F-94FF-99C2085FCE9B}.Debug|ARM.Build.0 = Debug|Any CPU
		{728E53CC-92B9-4C1F-94FF-99C2085FCE9B}.Debug|x64.ActiveCfg = Debug|Any CPU
		{728E53CC-92B9-4C1F-94FF-99C2085FCE9B}.Debug|x64.Build.0 = Debug|Any CPU
		{728E53CC-92B9-4C1F-94FF-99C2085FCE9B}.Debug|x86.ActiveCfg = Debug|Any CPU
		{728E53CC-92B9-4C1F-94FF-99C2085FCE9B}.Debug|x86.Build.0 = Debug|Any CPU
		{728E53CC-92B9-4C1F-94FF-99C2085FCE9B}.DVD-5|Any CPU.ActiveCfg = Debug|Any CPU
		{728E53CC-92B9-4C1F-94FF-99C2085FCE9B}.DVD-5|Any CPU.Build.0 = Debug|Any CPU
		{728E53CC-92B9-4C1F-94FF-99C2085FCE9B}.DVD-5|ARM.ActiveCfg = Debug|Any CPU
		{728E53CC-92B9-4C1F-94FF-99C2085FCE9B}.DVD-5|ARM.Build.0 = Debug|Any CPU
		{728E53CC-92B9-4C1F-94FF-99C2085FCE9B}.DVD-5|x64.ActiveCfg = Debug|Any CPU
		{728E53CC-92B9-4C1F-94FF-99C2085FCE9B}.DVD-5|x64.Build.0 = Debug|Any CPU
		{728E53CC-92B9-4C1F-94FF-99C2085FCE9B}.DVD-5|x86.ActiveCfg = Debug|Any CPU
		{728E53CC-92B9-4C1F-94FF-99C2085FCE9B}.DVD-5|x86.Build.0 = Debug|Any CPU
		{728E53CC-92B9-4C1F-94FF-99C2085FCE9B}.Release|Any CPU.ActiveCfg = Release|Any CPU
		{728E53CC-92B9-4C1F-94FF-99C2085FCE9B}.Release|Any CPU.Build.0 = Release|Any CPU
		{728E53CC-92B9-4C1F-94FF-99C2085FCE9B}.Release|ARM.ActiveCfg = Release|Any CPU
		{728E53CC-92B9-4C1F-94FF-99C2085FCE9B}.Release|ARM.Build.0 = Release|Any CPU
		{728E53CC-92B9-4C1F-94FF-99C2085FCE9B}.Release|x64.ActiveCfg = Release|Any CPU
		{728E53CC-92B9-4C1F-94FF-99C2085FCE9B}.Release|x64.Build.0 = Release|Any CPU
		{728E53CC-92B9-4C1F-94FF-99C2085FCE9B}.Release|x86.ActiveCfg = Release|Any CPU
		{728E53CC-92B9-4C1F-94FF-99C2085FCE9B}.Release|x86.Build.0 = Release|Any CPU
		{728E53CC-92B9-4C1F-94FF-99C2085FCE9B}.SingleImage|Any CPU.ActiveCfg = Release|Any CPU
		{728E53CC-92B9-4C1F-94FF-99C2085FCE9B}.SingleImage|Any CPU.Build.0 = Release|Any CPU
		{728E53CC-92B9-4C1F-94FF-99C2085FCE9B}.SingleImage|ARM.ActiveCfg = Release|Any CPU
		{728E53CC-92B9-4C1F-94FF-99C2085FCE9B}.SingleImage|ARM.Build.0 = Release|Any CPU
		{728E53CC-92B9-4C1F-94FF-99C2085FCE9B}.SingleImage|x64.ActiveCfg = Release|Any CPU
		{728E53CC-92B9-4C1F-94FF-99C2085FCE9B}.SingleImage|x64.Build.0 = Release|Any CPU
		{728E53CC-92B9-4C1F-94FF-99C2085FCE9B}.SingleImage|x86.ActiveCfg = Release|Any CPU
		{728E53CC-92B9-4C1F-94FF-99C2085FCE9B}.SingleImage|x86.Build.0 = Release|Any CPU
		{D3ED7BD7-4566-4489-A88D-D26C0680F78E}.CD_ROM|Any CPU.ActiveCfg = Release|Any CPU
		{D3ED7BD7-4566-4489-A88D-D26C0680F78E}.CD_ROM|Any CPU.Build.0 = Release|Any CPU
		{D3ED7BD7-4566-4489-A88D-D26C0680F78E}.CD_ROM|ARM.ActiveCfg = Release|Any CPU
		{D3ED7BD7-4566-4489-A88D-D26C0680F78E}.CD_ROM|ARM.Build.0 = Release|Any CPU
		{D3ED7BD7-4566-4489-A88D-D26C0680F78E}.CD_ROM|x64.ActiveCfg = Release|Any CPU
		{D3ED7BD7-4566-4489-A88D-D26C0680F78E}.CD_ROM|x64.Build.0 = Release|Any CPU
		{D3ED7BD7-4566-4489-A88D-D26C0680F78E}.CD_ROM|x86.ActiveCfg = Release|Any CPU
		{D3ED7BD7-4566-4489-A88D-D26C0680F78E}.CD_ROM|x86.Build.0 = Release|Any CPU
		{D3ED7BD7-4566-4489-A88D-D26C0680F78E}.Debug|Any CPU.ActiveCfg = Debug|Any CPU
		{D3ED7BD7-4566-4489-A88D-D26C0680F78E}.Debug|Any CPU.Build.0 = Debug|Any CPU
		{D3ED7BD7-4566-4489-A88D-D26C0680F78E}.Debug|ARM.ActiveCfg = Debug|Any CPU
		{D3ED7BD7-4566-4489-A88D-D26C0680F78E}.Debug|ARM.Build.0 = Debug|Any CPU
		{D3ED7BD7-4566-4489-A88D-D26C0680F78E}.Debug|x64.ActiveCfg = Debug|Any CPU
		{D3ED7BD7-4566-4489-A88D-D26C0680F78E}.Debug|x64.Build.0 = Debug|Any CPU
		{D3ED7BD7-4566-4489-A88D-D26C0680F78E}.Debug|x86.ActiveCfg = Debug|Any CPU
		{D3ED7BD7-4566-4489-A88D-D26C0680F78E}.Debug|x86.Build.0 = Debug|Any CPU
		{D3ED7BD7-4566-4489-A88D-D26C0680F78E}.DVD-5|Any CPU.ActiveCfg = Debug|Any CPU
		{D3ED7BD7-4566-4489-A88D-D26C0680F78E}.DVD-5|Any CPU.Build.0 = Debug|Any CPU
		{D3ED7BD7-4566-4489-A88D-D26C0680F78E}.DVD-5|ARM.ActiveCfg = Debug|Any CPU
		{D3ED7BD7-4566-4489-A88D-D26C0680F78E}.DVD-5|ARM.Build.0 = Debug|Any CPU
		{D3ED7BD7-4566-4489-A88D-D26C0680F78E}.DVD-5|x64.ActiveCfg = Debug|Any CPU
		{D3ED7BD7-4566-4489-A88D-D26C0680F78E}.DVD-5|x64.Build.0 = Debug|Any CPU
		{D3ED7BD7-4566-4489-A88D-D26C0680F78E}.DVD-5|x86.ActiveCfg = Debug|Any CPU
		{D3ED7BD7-4566-4489-A88D-D26C0680F78E}.DVD-5|x86.Build.0 = Debug|Any CPU
		{D3ED7BD7-4566-4489-A88D-D26C0680F78E}.Release|Any CPU.ActiveCfg = Release|Any CPU
		{D3ED7BD7-4566-4489-A88D-D26C0680F78E}.Release|Any CPU.Build.0 = Release|Any CPU
		{D3ED7BD7-4566-4489-A88D-D26C0680F78E}.Release|ARM.ActiveCfg = Release|Any CPU
		{D3ED7BD7-4566-4489-A88D-D26C0680F78E}.Release|ARM.Build.0 = Release|Any CPU
		{D3ED7BD7-4566-4489-A88D-D26C0680F78E}.Release|x64.ActiveCfg = Release|Any CPU
		{D3ED7BD7-4566-4489-A88D-D26C0680F78E}.Release|x64.Build.0 = Release|Any CPU
		{D3ED7BD7-4566-4489-A88D-D26C0680F78E}.Release|x86.ActiveCfg = Release|Any CPU
		{D3ED7BD7-4566-4489-A88D-D26C0680F78E}.Release|x86.Build.0 = Release|Any CPU
		{D3ED7BD7-4566-4489-A88D-D26C0680F78E}.SingleImage|Any CPU.ActiveCfg = Release|Any CPU
		{D3ED7BD7-4566-4489-A88D-D26C0680F78E}.SingleImage|Any CPU.Build.0 = Release|Any CPU
		{D3ED7BD7-4566-4489-A88D-D26C0680F78E}.SingleImage|ARM.ActiveCfg = Release|Any CPU
		{D3ED7BD7-4566-4489-A88D-D26C0680F78E}.SingleImage|ARM.Build.0 = Release|Any CPU
		{D3ED7BD7-4566-4489-A88D-D26C0680F78E}.SingleImage|x64.ActiveCfg = Release|Any CPU
		{D3ED7BD7-4566-4489-A88D-D26C0680F78E}.SingleImage|x64.Build.0 = Release|Any CPU
		{D3ED7BD7-4566-4489-A88D-D26C0680F78E}.SingleImage|x86.ActiveCfg = Release|Any CPU
		{D3ED7BD7-4566-4489-A88D-D26C0680F78E}.SingleImage|x86.Build.0 = Release|Any CPU
	EndGlobalSection
	GlobalSection(SolutionProperties) = preSolution
		HideSolutionNode = FALSE
	EndGlobalSection
EndGlobal
